// !$*UTF8*$!
{
	archiveVersion = 1;
	classes = {
	};
	objectVersion = 44;
	objects = {

/* Begin PBXAggregateTarget section */
		B408F7ED0F5D5AF9004CF368 /* External Frameworks */ = {
			isa = PBXAggregateTarget;
			buildConfigurationList = B408F7F00F5D5B18004CF368 /* Build configuration list for PBXAggregateTarget "External Frameworks" */;
			buildPhases = (
			);
			dependencies = (
				B408F7F20F5D5B1B004CF368 /* PBXTargetDependency */,
			);
			name = "External Frameworks";
			productName = "External Frameworks";
		};
/* End PBXAggregateTarget section */

/* Begin PBXBuildFile section */
		8DC2EF530486A6940098B216 /* InfoPlist.strings in Resources */ = {isa = PBXBuildFile; fileRef = 089C1666FE841158C02AAC07 /* InfoPlist.strings */; };
		8DC2EF570486A6940098B216 /* Cocoa.framework in Frameworks */ = {isa = PBXBuildFile; fileRef = 1058C7B1FEA5585E11CA2CBB /* Cocoa.framework */; };
		B402188D0F183BCB0068D818 /* LoadingController.m in Sources */ = {isa = PBXBuildFile; fileRef = B402188C0F183BCB0068D818 /* LoadingController.m */; };
		B403190C0F41D20400A99577 /* NSRect.h in Headers */ = {isa = PBXBuildFile; fileRef = B403190A0F41D20400A99577 /* NSRect.h */; };
		B40319EE0F4251C200A99577 /* NSImage.h in Headers */ = {isa = PBXBuildFile; fileRef = B40319EC0F4251C200A99577 /* NSImage.h */; };
		B40319EF0F4251C200A99577 /* NSImage.m in Sources */ = {isa = PBXBuildFile; fileRef = B40319ED0F4251C200A99577 /* NSImage.m */; };
		B4031CB30F45E6C500A99577 /* Menu.xib in Resources */ = {isa = PBXBuildFile; fileRef = B4031CB20F45E6C500A99577 /* Menu.xib */; };
		B4050EDF0EF5143900584535 /* ServerStatus.h in Headers */ = {isa = PBXBuildFile; fileRef = B4050EDD0EF5143900584535 /* ServerStatus.h */; };
		B4050EE00EF5143900584535 /* ServerStatus.m in Sources */ = {isa = PBXBuildFile; fileRef = B4050EDE0EF5143900584535 /* ServerStatus.m */; };
		B40510510EF6C60F00584535 /* ItemType.h in Headers */ = {isa = PBXBuildFile; fileRef = B405104F0EF6C60F00584535 /* ItemType.h */; };
		B40510520EF6C60F00584535 /* ItemType.m in Sources */ = {isa = PBXBuildFile; fileRef = B40510500EF6C60F00584535 /* ItemType.m */; };
		B405110D0EF96E7F00584535 /* Skill.h in Headers */ = {isa = PBXBuildFile; fileRef = B405110B0EF96E7F00584535 /* Skill.h */; };
		B405110E0EF96E7F00584535 /* Skill.m in Sources */ = {isa = PBXBuildFile; fileRef = B405110C0EF96E7F00584535 /* Skill.m */; };
		B40581170F19AE55009EEDD8 /* Interface.m in Sources */ = {isa = PBXBuildFile; fileRef = B40581160F19AE55009EEDD8 /* Interface.m */; };
		B40581440F19AFBA009EEDD8 /* Loading.xib in Resources */ = {isa = PBXBuildFile; fileRef = B40581430F19AFBA009EEDD8 /* Loading.xib */; };
		B40581780F19BAFF009EEDD8 /* ServerStatusController.m in Sources */ = {isa = PBXBuildFile; fileRef = B40581770F19BAFF009EEDD8 /* ServerStatusController.m */; };
		B408F5BC0F5D57AF004CF368 /* CeresIO.framework in Copy Bundle Frameworks */ = {isa = PBXBuildFile; fileRef = B408F5BA0F5D57A7004CF368 /* CeresIO.framework */; };
		B408F5DC0F5D580B004CF368 /* CeresIO.framework in Copy Bundle Frameworks */ = {isa = PBXBuildFile; fileRef = B408F5BA0F5D57A7004CF368 /* CeresIO.framework */; };
		B408F5DE0F5D5814004CF368 /* CeresIO.framework in Frameworks */ = {isa = PBXBuildFile; fileRef = B408F5BA0F5D57A7004CF368 /* CeresIO.framework */; };
		B408F5E20F5D5861004CF368 /* CeresIO.framework in Frameworks */ = {isa = PBXBuildFile; fileRef = B408F5BA0F5D57A7004CF368 /* CeresIO.framework */; };
		B408F8D30F5DA628004CF368 /* CharacterFuture.h in Headers */ = {isa = PBXBuildFile; fileRef = B408F8D10F5DA628004CF368 /* CharacterFuture.h */; };
		B408F8D40F5DA628004CF368 /* CharacterFuture.m in Sources */ = {isa = PBXBuildFile; fileRef = B408F8D20F5DA628004CF368 /* CharacterFuture.m */; };
		B408FBF90F5DECA5004CF368 /* CeresNotificationCenter.h in Headers */ = {isa = PBXBuildFile; fileRef = B408FBF70F5DECA5004CF368 /* CeresNotificationCenter.h */; };
		B408FBFA0F5DECA5004CF368 /* CeresNotificationCenter.m in Sources */ = {isa = PBXBuildFile; fileRef = B408FBF80F5DECA5004CF368 /* CeresNotificationCenter.m */; };
		B408FDBF0F5EBE13004CF368 /* GenerateDatabaseMain.m in Sources */ = {isa = PBXBuildFile; fileRef = B408FDBE0F5EBE13004CF368 /* GenerateDatabaseMain.m */; };
		B408FDFC0F5EC451004CF368 /* CeresIO.framework in Frameworks */ = {isa = PBXBuildFile; fileRef = B408F5BA0F5D57A7004CF368 /* CeresIO.framework */; };
		B408FDFD0F5EC454004CF368 /* Ceres.framework in Frameworks */ = {isa = PBXBuildFile; fileRef = 8DC2EF5B0486A6940098B216 /* Ceres.framework */; };
		B408FE0D0F5EC542004CF368 /* Ceres.xcdatamodeld in Sources */ = {isa = PBXBuildFile; fileRef = B4C0E31D0F38685E00A96DD6 /* Ceres.xcdatamodeld */; };
		B408FE500F5ECAE6004CF368 /* Ceres.sqlite3 in Resources */ = {isa = PBXBuildFile; fileRef = B408FE4F0F5ECAE6004CF368 /* Ceres.sqlite3 */; };
		B40C1D410EF1205D0050F22B /* Ceres.h in Headers */ = {isa = PBXBuildFile; fileRef = B40C1D3F0EF1205D0050F22B /* Ceres.h */; };
		B40C1D420EF1205D0050F22B /* Ceres.m in Sources */ = {isa = PBXBuildFile; fileRef = B40C1D400EF1205D0050F22B /* Ceres.m */; };
		B40C1EF70EF1C2050050F22B /* CeresMain.m in Sources */ = {isa = PBXBuildFile; fileRef = B40C1EF60EF1C2050050F22B /* CeresMain.m */; };
		B40C26DB0F114DFD006D76F0 /* CeresObject.h in Headers */ = {isa = PBXBuildFile; fileRef = B40C26D90F114DFD006D76F0 /* CeresObject.h */; };
		B40C26DC0F114DFD006D76F0 /* CeresObject.m in Sources */ = {isa = PBXBuildFile; fileRef = B40C26DA0F114DFD006D76F0 /* CeresObject.m */; };
		B41544920F49D269005B5D48 /* PreferencesController.m in Sources */ = {isa = PBXBuildFile; fileRef = B41544910F49D269005B5D48 /* PreferencesController.m */; };
		B415449A0F49F17E005B5D48 /* CeresPreferencesController.m in Sources */ = {isa = PBXBuildFile; fileRef = B41544990F49F17E005B5D48 /* CeresPreferencesController.m */; };
		B41544D00F49F6CE005B5D48 /* CharacterPreferences.xib in Resources */ = {isa = PBXBuildFile; fileRef = B41544CF0F49F6CE005B5D48 /* CharacterPreferences.xib */; };
		B41544D40F49F715005B5D48 /* CharacterPreferencesController.m in Sources */ = {isa = PBXBuildFile; fileRef = B41544D30F49F715005B5D48 /* CharacterPreferencesController.m */; };
		B415458F0F4A08D6005B5D48 /* UserDefaults.plist in Resources */ = {isa = PBXBuildFile; fileRef = B415458E0F4A08D6005B5D48 /* UserDefaults.plist */; };
		B41545D90F4A0C28005B5D48 /* NSNumberFormatting.m in Sources */ = {isa = PBXBuildFile; fileRef = B41545D80F4A0C28005B5D48 /* NSNumberFormatting.m */; };
		B415462F0F4A1106005B5D48 /* NSDateFormatting.m in Sources */ = {isa = PBXBuildFile; fileRef = B415462E0F4A1106005B5D48 /* NSDateFormatting.m */; };
		B415470D0F4B4CB1005B5D48 /* StatusItem.m in Sources */ = {isa = PBXBuildFile; fileRef = B415470B0F4B4CB1005B5D48 /* StatusItem.m */; };
		B415498E0F4B7C98005B5D48 /* StatusIcon.tiff in Resources */ = {isa = PBXBuildFile; fileRef = B415498C0F4B7C98005B5D48 /* StatusIcon.tiff */; };
		B415498F0F4B7C98005B5D48 /* StatusIconAlternate.tiff in Resources */ = {isa = PBXBuildFile; fileRef = B415498D0F4B7C98005B5D48 /* StatusIconAlternate.tiff */; };
		B4154C730F4F757B005B5D48 /* CharacterMenuItem.m in Sources */ = {isa = PBXBuildFile; fileRef = B4154C720F4F757B005B5D48 /* CharacterMenuItem.m */; };
		B4154D690F518015005B5D48 /* GroupCell.m in Sources */ = {isa = PBXBuildFile; fileRef = B4154D680F518015005B5D48 /* GroupCell.m */; };
		B4154E070F527AE0005B5D48 /* CacheMenuItem.m in Sources */ = {isa = PBXBuildFile; fileRef = B4154E060F527AE0005B5D48 /* CacheMenuItem.m */; };
		B4154EC60F52AF79005B5D48 /* CeresArrayController.m in Sources */ = {isa = PBXBuildFile; fileRef = B4154EC50F52AF79005B5D48 /* CeresArrayController.m */; };
		B415502D0F536019005B5D48 /* StickyWindow.m in Sources */ = {isa = PBXBuildFile; fileRef = B415502C0F536019005B5D48 /* StickyWindow.m */; };
		B41551220F556E6F005B5D48 /* ModularController.m in Sources */ = {isa = PBXBuildFile; fileRef = B41551210F556E6F005B5D48 /* ModularController.m */; };
		B41551690F5571F5005B5D48 /* TabbedCharacterController.m in Sources */ = {isa = PBXBuildFile; fileRef = B41551680F5571F5005B5D48 /* TabbedCharacterController.m */; };
		B41552110F55AAB7005B5D48 /* CharacterViewController.m in Sources */ = {isa = PBXBuildFile; fileRef = B41552100F55AAB7005B5D48 /* CharacterViewController.m */; };
		B415531B0F55FBAD005B5D48 /* About.xib in Resources */ = {isa = PBXBuildFile; fileRef = B415531A0F55FBAD005B5D48 /* About.xib */; };
		B41553260F55FEDE005B5D48 /* AboutController.m in Sources */ = {isa = PBXBuildFile; fileRef = B41553250F55FEDE005B5D48 /* AboutController.m */; };
		B415CDE50F2F5EE80058F57D /* TrainedSkill.h in Headers */ = {isa = PBXBuildFile; fileRef = B415CDE30F2F5EE80058F57D /* TrainedSkill.h */; };
		B415CDE60F2F5EE80058F57D /* TrainedSkill.m in Sources */ = {isa = PBXBuildFile; fileRef = B415CDE40F2F5EE80058F57D /* TrainedSkill.m */; };
		B424F4DA0EEC89E900B5E7C5 /* EveObject.h in Headers */ = {isa = PBXBuildFile; fileRef = B424F4D80EEC89E900B5E7C5 /* EveObject.h */; };
		B424F4DB0EEC89E900B5E7C5 /* EveObject.m in Sources */ = {isa = PBXBuildFile; fileRef = B424F4D90EEC89E900B5E7C5 /* EveObject.m */; };
		B424F4F50EEC8D2900B5E7C5 /* CorporationInfo.h in Headers */ = {isa = PBXBuildFile; fileRef = B424F4F30EEC8D2900B5E7C5 /* CorporationInfo.h */; };
		B424F4F60EEC8D2900B5E7C5 /* CorporationInfo.m in Sources */ = {isa = PBXBuildFile; fileRef = B424F4F40EEC8D2900B5E7C5 /* CorporationInfo.m */; };
		B424F4FD0EEC8DA000B5E7C5 /* CharacterInfo.h in Headers */ = {isa = PBXBuildFile; fileRef = B424F4FB0EEC8DA000B5E7C5 /* CharacterInfo.h */; };
		B424F4FE0EEC8DA000B5E7C5 /* CharacterInfo.m in Sources */ = {isa = PBXBuildFile; fileRef = B424F4FC0EEC8DA000B5E7C5 /* CharacterInfo.m */; };
		B424F5020EEC8E4F00B5E7C5 /* Attributes.h in Headers */ = {isa = PBXBuildFile; fileRef = B424F5000EEC8E4F00B5E7C5 /* Attributes.h */; };
		B424F5030EEC8E4F00B5E7C5 /* Attributes.m in Sources */ = {isa = PBXBuildFile; fileRef = B424F5010EEC8E4F00B5E7C5 /* Attributes.m */; };
		B424F56E0EEC979B00B5E7C5 /* Account.h in Headers */ = {isa = PBXBuildFile; fileRef = B424F56C0EEC979B00B5E7C5 /* Account.h */; };
		B424F56F0EEC979B00B5E7C5 /* Account.m in Sources */ = {isa = PBXBuildFile; fileRef = B424F56D0EEC979B00B5E7C5 /* Account.m */; };
		B424F5720EEC984100B5E7C5 /* Clone.h in Headers */ = {isa = PBXBuildFile; fileRef = B424F5700EEC984100B5E7C5 /* Clone.h */; };
		B424F5730EEC984100B5E7C5 /* Clone.m in Sources */ = {isa = PBXBuildFile; fileRef = B424F5710EEC984100B5E7C5 /* Clone.m */; };
		B424F5760EEC98A800B5E7C5 /* Implant.h in Headers */ = {isa = PBXBuildFile; fileRef = B424F5740EEC98A800B5E7C5 /* Implant.h */; };
		B424F5770EEC98A800B5E7C5 /* Implant.m in Sources */ = {isa = PBXBuildFile; fileRef = B424F5750EEC98A800B5E7C5 /* Implant.m */; };
		B424F57A0EEC990100B5E7C5 /* Character.h in Headers */ = {isa = PBXBuildFile; fileRef = B424F5780EEC990100B5E7C5 /* Character.h */; };
		B424F57B0EEC990100B5E7C5 /* Character.m in Sources */ = {isa = PBXBuildFile; fileRef = B424F5790EEC990100B5E7C5 /* Character.m */; };
		B424F6300EED3D2C00B5E7C5 /* Api.h in Headers */ = {isa = PBXBuildFile; fileRef = B424F62E0EED3D2C00B5E7C5 /* Api.h */; };
		B424F6310EED3D2C00B5E7C5 /* Api.m in Sources */ = {isa = PBXBuildFile; fileRef = B424F62F0EED3D2C00B5E7C5 /* Api.m */; };
		B424F6F80EED4C2D00B5E7C5 /* TestMain.m in Sources */ = {isa = PBXBuildFile; fileRef = B424F6F70EED4C2D00B5E7C5 /* TestMain.m */; };
		B424F7380EED700200B5E7C5 /* Ceres.framework in Frameworks */ = {isa = PBXBuildFile; fileRef = 8DC2EF5B0486A6940098B216 /* Ceres.framework */; };
		B462BAA10F291B9C004D04D8 /* CeresNotification.h in Headers */ = {isa = PBXBuildFile; fileRef = B462BA9F0F291B9C004D04D8 /* CeresNotification.h */; };
		B462BAA20F291B9C004D04D8 /* CeresNotification.m in Sources */ = {isa = PBXBuildFile; fileRef = B462BAA00F291B9C004D04D8 /* CeresNotification.m */; };
		B462BAF80F292236004D04D8 /* Updater.h in Headers */ = {isa = PBXBuildFile; fileRef = B462BAF60F292236004D04D8 /* Updater.h */; };
		B462BAF90F292236004D04D8 /* Updater.m in Sources */ = {isa = PBXBuildFile; fileRef = B462BAF70F292236004D04D8 /* Updater.m */; };
		B462C1800F2D3140004D04D8 /* License in Resources */ = {isa = PBXBuildFile; fileRef = B462C17F0F2D3140004D04D8 /* License */; };
		B462C1810F2D3140004D04D8 /* License in Resources */ = {isa = PBXBuildFile; fileRef = B462C17F0F2D3140004D04D8 /* License */; };
		B462C2970F2E109C004D04D8 /* Growl.framework in Copy Bundle Frameworks */ = {isa = PBXBuildFile; fileRef = B462C28B0F2E1071004D04D8 /* Growl.framework */; };
		B462C2C40F2E11D2004D04D8 /* Growl.framework in Frameworks */ = {isa = PBXBuildFile; fileRef = B462C28B0F2E1071004D04D8 /* Growl.framework */; };
		B462C36C0F2E4B1B004D04D8 /* CharacterNotification.h in Headers */ = {isa = PBXBuildFile; fileRef = B462C36A0F2E4B1B004D04D8 /* CharacterNotification.h */; };
		B462C36D0F2E4B1B004D04D8 /* CharacterNotification.m in Sources */ = {isa = PBXBuildFile; fileRef = B462C36B0F2E4B1B004D04D8 /* CharacterNotification.m */; };
		B4668BAB0F005379002E13B4 /* Ceres.framework in Copy Bundle Frameworks */ = {isa = PBXBuildFile; fileRef = 8DC2EF5B0486A6940098B216 /* Ceres.framework */; };
		B4668BB10F0053EA002E13B4 /* Ceres.framework in Frameworks */ = {isa = PBXBuildFile; fileRef = 8DC2EF5B0486A6940098B216 /* Ceres.framework */; };
		B4668C0C0F0585E4002E13B4 /* MarketGroup.h in Headers */ = {isa = PBXBuildFile; fileRef = B4668C0A0F0585E4002E13B4 /* MarketGroup.h */; };
		B4668C0D0F0585E4002E13B4 /* MarketGroup.m in Sources */ = {isa = PBXBuildFile; fileRef = B4668C0B0F0585E4002E13B4 /* MarketGroup.m */; };
		B4668C110F0588FF002E13B4 /* Group.h in Headers */ = {isa = PBXBuildFile; fileRef = B4668C0F0F0588FF002E13B4 /* Group.h */; };
		B4668C120F0588FF002E13B4 /* Group.m in Sources */ = {isa = PBXBuildFile; fileRef = B4668C100F0588FF002E13B4 /* Group.m */; };
		B4668C1A0F0589FD002E13B4 /* Category.h in Headers */ = {isa = PBXBuildFile; fileRef = B4668C180F0589FD002E13B4 /* Category.h */; };
		B4668C1B0F0589FD002E13B4 /* Category.m in Sources */ = {isa = PBXBuildFile; fileRef = B4668C190F0589FD002E13B4 /* Category.m */; };
		B4668D420F06A71C002E13B4 /* Xml.h in Headers */ = {isa = PBXBuildFile; fileRef = B4668D400F06A71C002E13B4 /* Xml.h */; };
		B4668D430F06A71C002E13B4 /* Xml.m in Sources */ = {isa = PBXBuildFile; fileRef = B4668D410F06A71C002E13B4 /* Xml.m */; };
		B496BF500F33B6FE00E92DB4 /* Sparkle.framework in Copy Bundle Frameworks */ = {isa = PBXBuildFile; fileRef = B496BF430F33B6EC00E92DB4 /* Sparkle.framework */; };
		B496BF5A0F33BA2B00E92DB4 /* dsa_pub.pem in Resources */ = {isa = PBXBuildFile; fileRef = B496BF590F33BA2B00E92DB4 /* dsa_pub.pem */; };
		B496BF830F33C08B00E92DB4 /* Sparkle.framework in Frameworks */ = {isa = PBXBuildFile; fileRef = B496BF430F33B6EC00E92DB4 /* Sparkle.framework */; };
		B496BF960F33C94E00E92DB4 /* TableCell.m in Sources */ = {isa = PBXBuildFile; fileRef = B496BF950F33C94E00E92DB4 /* TableCell.m */; };
		B496C10E0F348E3000E92DB4 /* SkillListController.m in Sources */ = {isa = PBXBuildFile; fileRef = B496C10D0F348E3000E92DB4 /* SkillListController.m */; };
		B496C1A30F34A76900E92DB4 /* SkillCell.m in Sources */ = {isa = PBXBuildFile; fileRef = B496C1A20F34A76900E92DB4 /* SkillCell.m */; };
		B49C056D0EF337E30044268E /* CeresHeader.h in Headers */ = {isa = PBXBuildFile; fileRef = B49C056C0EF337E30044268E /* CeresHeader.h */; };
		B49C080B0EF3F4610044268E /* Data.h in Headers */ = {isa = PBXBuildFile; fileRef = B49C08090EF3F4610044268E /* Data.h */; };
		B49C080C0EF3F4610044268E /* Data.m in Sources */ = {isa = PBXBuildFile; fileRef = B49C080A0EF3F4610044268E /* Data.m */; };
		B4A539430F1FEB9100B404E6 /* CharacterCell.m in Sources */ = {isa = PBXBuildFile; fileRef = B4A539410F1FEB9100B404E6 /* CharacterCell.m */; };
		B4A53A690F20B5B600B404E6 /* Ceres.xib in Resources */ = {isa = PBXBuildFile; fileRef = B4A53A680F20B5B600B404E6 /* Ceres.xib */; };
		B4A53A720F20B8E000B404E6 /* CharacterListController.m in Sources */ = {isa = PBXBuildFile; fileRef = B4A53A710F20B8E000B404E6 /* CharacterListController.m */; };
		B4BC10790F12D8FA00179BAD /* Loader.h in Headers */ = {isa = PBXBuildFile; fileRef = B4BC10770F12D8FA00179BAD /* Loader.h */; };
		B4BC107A0F12D8FA00179BAD /* Loader.m in Sources */ = {isa = PBXBuildFile; fileRef = B4BC10780F12D8FA00179BAD /* Loader.m */; };
		B4C0E31E0F38685E00A96DD6 /* Ceres.xcdatamodeld in Sources */ = {isa = PBXBuildFile; fileRef = B4C0E31D0F38685E00A96DD6 /* Ceres.xcdatamodeld */; };
		B4C0E7010F38F4D600A96DD6 /* Ceres.xcdatamodeld in Sources */ = {isa = PBXBuildFile; fileRef = B4C0E31D0F38685E00A96DD6 /* Ceres.xcdatamodeld */; };
		B4C0E8070F39C43600A96DD6 /* ImplantSet.h in Headers */ = {isa = PBXBuildFile; fileRef = B4C0E8050F39C43600A96DD6 /* ImplantSet.h */; };
		B4C0E8080F39C43600A96DD6 /* ImplantSet.m in Sources */ = {isa = PBXBuildFile; fileRef = B4C0E8060F39C43600A96DD6 /* ImplantSet.m */; };
		B4E9ADA50F3C8605007A175C /* NSArray.h in Headers */ = {isa = PBXBuildFile; fileRef = B4E9ADA30F3C8605007A175C /* NSArray.h */; };
		B4E9ADA60F3C8605007A175C /* NSArray.m in Sources */ = {isa = PBXBuildFile; fileRef = B4E9ADA40F3C8605007A175C /* NSArray.m */; };
		B4E9ADAA0F3C8792007A175C /* NSBundle.h in Headers */ = {isa = PBXBuildFile; fileRef = B4E9ADA80F3C8792007A175C /* NSBundle.h */; };
		B4E9ADAB0F3C8792007A175C /* NSBundle.m in Sources */ = {isa = PBXBuildFile; fileRef = B4E9ADA90F3C8792007A175C /* NSBundle.m */; };
		B4E9ADB00F3C8983007A175C /* CeresAdditions.h in Headers */ = {isa = PBXBuildFile; fileRef = B4E9ADAF0F3C8983007A175C /* CeresAdditions.h */; };
		B4E9AE190F3C8D8E007A175C /* NSXMLDocument.h in Headers */ = {isa = PBXBuildFile; fileRef = B4E9AE170F3C8D8E007A175C /* NSXMLDocument.h */; };
		B4E9AE1A0F3C8D8E007A175C /* NSXMLDocument.m in Sources */ = {isa = PBXBuildFile; fileRef = B4E9AE180F3C8D8E007A175C /* NSXMLDocument.m */; };
		B4E9AE390F3C8E34007A175C /* NSXMLNode.h in Headers */ = {isa = PBXBuildFile; fileRef = B4E9AE370F3C8E34007A175C /* NSXMLNode.h */; };
		B4E9AE3A0F3C8E34007A175C /* NSXMLNode.m in Sources */ = {isa = PBXBuildFile; fileRef = B4E9AE380F3C8E34007A175C /* NSXMLNode.m */; };
		B4E9AE7A0F3CAAC0007A175C /* NSNumber.h in Headers */ = {isa = PBXBuildFile; fileRef = B4E9AE780F3CAAC0007A175C /* NSNumber.h */; };
		B4E9AE7B0F3CAAC0007A175C /* NSNumber.m in Sources */ = {isa = PBXBuildFile; fileRef = B4E9AE790F3CAAC0007A175C /* NSNumber.m */; };
		B4F0E6220F22806E00412957 /* Character.xib in Resources */ = {isa = PBXBuildFile; fileRef = B4F0E6210F22806E00412957 /* Character.xib */; };
		B4F0E65B0F22865900412957 /* CharacterController.m in Sources */ = {isa = PBXBuildFile; fileRef = B4F0E65A0F22865900412957 /* CharacterController.m */; };
		B4FF57B50F3DEB3B00F67A6C /* NSThread.h in Headers */ = {isa = PBXBuildFile; fileRef = B4FF57B30F3DEB3B00F67A6C /* NSThread.h */; };
		B4FF57B60F3DEB3B00F67A6C /* NSThread.m in Sources */ = {isa = PBXBuildFile; fileRef = B4FF57B40F3DEB3B00F67A6C /* NSThread.m */; };
/* End PBXBuildFile section */

/* Begin PBXContainerItemProxy section */
		B408F5B70F5D57A7004CF368 /* PBXContainerItemProxy */ = {
			isa = PBXContainerItemProxy;
			containerPortal = B408F5AF0F5D57A7004CF368 /* CeresIO.xcodeproj */;
			proxyType = 2;
			remoteGlobalIDString = B408F1540F5CA270004CF368 /* Test */;
			remoteInfo = Test;
		};
		B408F5B90F5D57A7004CF368 /* PBXContainerItemProxy */ = {
			isa = PBXContainerItemProxy;
			containerPortal = B408F5AF0F5D57A7004CF368 /* CeresIO.xcodeproj */;
			proxyType = 2;
			remoteGlobalIDString = B408F2870F5D4B91004CF368 /* CeresIO.framework */;
			remoteInfo = CeresIO;
		};
		B408F7F10F5D5B1B004CF368 /* PBXContainerItemProxy */ = {
			isa = PBXContainerItemProxy;
			containerPortal = B408F5AF0F5D57A7004CF368 /* CeresIO.xcodeproj */;
			proxyType = 1;
			remoteGlobalIDString = B408F2860F5D4B91004CF368 /* CeresIO */;
			remoteInfo = CeresIO;
		};
		B408F7F30F5D5B21004CF368 /* PBXContainerItemProxy */ = {
			isa = PBXContainerItemProxy;
			containerPortal = 0867D690FE84028FC02AAC07 /* Project object */;
			proxyType = 1;
			remoteGlobalIDString = B408F7ED0F5D5AF9004CF368 /* External Frameworks */;
			remoteInfo = "External Frameworks";
		};
		B408FDFF0F5EC461004CF368 /* PBXContainerItemProxy */ = {
			isa = PBXContainerItemProxy;
			containerPortal = 0867D690FE84028FC02AAC07 /* Project object */;
			proxyType = 1;
			remoteGlobalIDString = B408F7ED0F5D5AF9004CF368 /* External Frameworks */;
			remoteInfo = "External Frameworks";
		};
		B408FE020F5EC466004CF368 /* PBXContainerItemProxy */ = {
			isa = PBXContainerItemProxy;
			containerPortal = 0867D690FE84028FC02AAC07 /* Project object */;
			proxyType = 1;
			remoteGlobalIDString = 8DC2EF4F0486A6940098B216 /* Ceres (Framework) */;
			remoteInfo = "Ceres (Framework)";
		};
		B40C1F4C0EF1C8230050F22B /* PBXContainerItemProxy */ = {
			isa = PBXContainerItemProxy;
			containerPortal = 0867D690FE84028FC02AAC07 /* Project object */;
			proxyType = 1;
			remoteGlobalIDString = 8DC2EF4F0486A6940098B216;
			remoteInfo = Ceres;
		};
		B424F6CF0EED495F00B5E7C5 /* PBXContainerItemProxy */ = {
			isa = PBXContainerItemProxy;
			containerPortal = 0867D690FE84028FC02AAC07 /* Project object */;
			proxyType = 1;
			remoteGlobalIDString = 8DC2EF4F0486A6940098B216;
			remoteInfo = Ceres;
		};
/* End PBXContainerItemProxy section */

/* Begin PBXCopyFilesBuildPhase section */
		B408F6520F5D587F004CF368 /* Copy Bundle Frameworks */ = {
			isa = PBXCopyFilesBuildPhase;
			buildActionMask = 2147483647;
			dstPath = "";
			dstSubfolderSpec = 10;
			files = (
				B408F5BC0F5D57AF004CF368 /* CeresIO.framework in Copy Bundle Frameworks */,
			);
			name = "Copy Bundle Frameworks";
			runOnlyForDeploymentPostprocessing = 0;
		};
		B4668BD30F0058A0002E13B4 /* Copy Bundle Frameworks */ = {
			isa = PBXCopyFilesBuildPhase;
			buildActionMask = 2147483647;
			dstPath = "";
			dstSubfolderSpec = 10;
			files = (
				B408F5DC0F5D580B004CF368 /* CeresIO.framework in Copy Bundle Frameworks */,
				B496BF500F33B6FE00E92DB4 /* Sparkle.framework in Copy Bundle Frameworks */,
				B462C2970F2E109C004D04D8 /* Growl.framework in Copy Bundle Frameworks */,
				B4668BAB0F005379002E13B4 /* Ceres.framework in Copy Bundle Frameworks */,
			);
			name = "Copy Bundle Frameworks";
			runOnlyForDeploymentPostprocessing = 0;
		};
/* End PBXCopyFilesBuildPhase section */

/* Begin PBXFileReference section */
		0867D69BFE84028FC02AAC07 /* Foundation.framework */ = {isa = PBXFileReference; lastKnownFileType = wrapper.framework; name = Foundation.framework; path = /System/Library/Frameworks/Foundation.framework; sourceTree = "<absolute>"; };
		0867D6A5FE840307C02AAC07 /* AppKit.framework */ = {isa = PBXFileReference; lastKnownFileType = wrapper.framework; name = AppKit.framework; path = /System/Library/Frameworks/AppKit.framework; sourceTree = "<absolute>"; };
		089C1667FE841158C02AAC07 /* English */ = {isa = PBXFileReference; fileEncoding = 10; lastKnownFileType = text.plist.strings; name = English; path = English.lproj/InfoPlist.strings; sourceTree = "<group>"; };
		1058C7B1FEA5585E11CA2CBB /* Cocoa.framework */ = {isa = PBXFileReference; lastKnownFileType = wrapper.framework; name = Cocoa.framework; path = /System/Library/Frameworks/Cocoa.framework; sourceTree = "<absolute>"; };
		32DBCF5E0370ADEE00C91783 /* Ceres_Prefix.pch */ = {isa = PBXFileReference; fileEncoding = 4; lastKnownFileType = sourcecode.c.h; path = Ceres_Prefix.pch; sourceTree = "<group>"; };
		8DC2EF5A0486A6940098B216 /* Info.plist */ = {isa = PBXFileReference; fileEncoding = 4; lastKnownFileType = text.plist.xml; path = Info.plist; sourceTree = "<group>"; };
		8DC2EF5B0486A6940098B216 /* Ceres.framework */ = {isa = PBXFileReference; explicitFileType = wrapper.framework; includeInIndex = 0; path = Ceres.framework; sourceTree = BUILT_PRODUCTS_DIR; };
		B402188B0F183BCB0068D818 /* LoadingController.h */ = {isa = PBXFileReference; fileEncoding = 4; lastKnownFileType = sourcecode.c.h; path = LoadingController.h; sourceTree = "<group>"; };
		B402188C0F183BCB0068D818 /* LoadingController.m */ = {isa = PBXFileReference; fileEncoding = 4; lastKnownFileType = sourcecode.c.objc; path = LoadingController.m; sourceTree = "<group>"; };
		B403190A0F41D20400A99577 /* NSRect.h */ = {isa = PBXFileReference; fileEncoding = 4; lastKnownFileType = sourcecode.c.h; path = NSRect.h; sourceTree = "<group>"; };
		B40319EC0F4251C200A99577 /* NSImage.h */ = {isa = PBXFileReference; fileEncoding = 4; lastKnownFileType = sourcecode.c.h; path = NSImage.h; sourceTree = "<group>"; };
		B40319ED0F4251C200A99577 /* NSImage.m */ = {isa = PBXFileReference; fileEncoding = 4; lastKnownFileType = sourcecode.c.objc; path = NSImage.m; sourceTree = "<group>"; };
		B4031CB20F45E6C500A99577 /* Menu.xib */ = {isa = PBXFileReference; lastKnownFileType = file.xib; path = Menu.xib; sourceTree = "<group>"; };
		B4031D370F47194E00A99577 /* Ceres 0.0.10.xcdatamodel */ = {isa = PBXFileReference; lastKnownFileType = wrapper.xcdatamodel; path = "Ceres 0.0.10.xcdatamodel"; sourceTree = "<group>"; };
		B4050EDD0EF5143900584535 /* ServerStatus.h */ = {isa = PBXFileReference; fileEncoding = 4; lastKnownFileType = sourcecode.c.h; path = ServerStatus.h; sourceTree = "<group>"; };
		B4050EDE0EF5143900584535 /* ServerStatus.m */ = {isa = PBXFileReference; fileEncoding = 4; lastKnownFileType = sourcecode.c.objc; path = ServerStatus.m; sourceTree = "<group>"; };
		B405104F0EF6C60F00584535 /* ItemType.h */ = {isa = PBXFileReference; fileEncoding = 4; lastKnownFileType = sourcecode.c.h; path = ItemType.h; sourceTree = "<group>"; };
		B40510500EF6C60F00584535 /* ItemType.m */ = {isa = PBXFileReference; fileEncoding = 4; lastKnownFileType = sourcecode.c.objc; path = ItemType.m; sourceTree = "<group>"; };
		B405110B0EF96E7F00584535 /* Skill.h */ = {isa = PBXFileReference; fileEncoding = 4; lastKnownFileType = sourcecode.c.h; path = Skill.h; sourceTree = "<group>"; };
		B405110C0EF96E7F00584535 /* Skill.m */ = {isa = PBXFileReference; fileEncoding = 4; lastKnownFileType = sourcecode.c.objc; path = Skill.m; sourceTree = "<group>"; };
		B40581150F19AE55009EEDD8 /* Interface.h */ = {isa = PBXFileReference; fileEncoding = 4; lastKnownFileType = sourcecode.c.h; path = Interface.h; sourceTree = "<group>"; };
		B40581160F19AE55009EEDD8 /* Interface.m */ = {isa = PBXFileReference; fileEncoding = 4; lastKnownFileType = sourcecode.c.objc; path = Interface.m; sourceTree = "<group>"; };
		B40581430F19AFBA009EEDD8 /* Loading.xib */ = {isa = PBXFileReference; lastKnownFileType = file.xib; path = Loading.xib; sourceTree = "<group>"; };
		B40581760F19BAFF009EEDD8 /* ServerStatusController.h */ = {isa = PBXFileReference; fileEncoding = 4; lastKnownFileType = sourcecode.c.h; path = ServerStatusController.h; sourceTree = "<group>"; };
		B40581770F19BAFF009EEDD8 /* ServerStatusController.m */ = {isa = PBXFileReference; fileEncoding = 4; lastKnownFileType = sourcecode.c.objc; path = ServerStatusController.m; sourceTree = "<group>"; };
		B408F5AF0F5D57A7004CF368 /* CeresIO.xcodeproj */ = {isa = PBXFileReference; lastKnownFileType = "wrapper.pb-project"; name = CeresIO.xcodeproj; path = Frameworks/CeresIO/CeresIO.xcodeproj; sourceTree = "<group>"; };
		B408F8360F5D603C004CF368 /* Ceres 0.0.12.xcdatamodel */ = {isa = PBXFileReference; lastKnownFileType = wrapper.xcdatamodel; path = "Ceres 0.0.12.xcdatamodel"; sourceTree = "<group>"; };
		B408F8D10F5DA628004CF368 /* CharacterFuture.h */ = {isa = PBXFileReference; fileEncoding = 4; lastKnownFileType = sourcecode.c.h; path = CharacterFuture.h; sourceTree = "<group>"; };
		B408F8D20F5DA628004CF368 /* CharacterFuture.m */ = {isa = PBXFileReference; fileEncoding = 4; lastKnownFileType = sourcecode.c.objc; path = CharacterFuture.m; sourceTree = "<group>"; };
		B408FBF70F5DECA5004CF368 /* CeresNotificationCenter.h */ = {isa = PBXFileReference; fileEncoding = 4; lastKnownFileType = sourcecode.c.h; path = CeresNotificationCenter.h; sourceTree = "<group>"; };
		B408FBF80F5DECA5004CF368 /* CeresNotificationCenter.m */ = {isa = PBXFileReference; fileEncoding = 4; lastKnownFileType = sourcecode.c.objc; path = CeresNotificationCenter.m; sourceTree = "<group>"; };
		B408FDB80F5EBCE5004CF368 /* GenerateDatabase */ = {isa = PBXFileReference; explicitFileType = "compiled.mach-o.executable"; includeInIndex = 0; name = GenerateDatabase; path = build/Release/GenerateDatabase; sourceTree = "<group>"; };
		B408FDBD0F5EBE13004CF368 /* GenerateDatabaseMain.h */ = {isa = PBXFileReference; fileEncoding = 4; lastKnownFileType = sourcecode.c.h; path = GenerateDatabaseMain.h; sourceTree = "<group>"; };
		B408FDBE0F5EBE13004CF368 /* GenerateDatabaseMain.m */ = {isa = PBXFileReference; fileEncoding = 4; lastKnownFileType = sourcecode.c.objc; path = GenerateDatabaseMain.m; sourceTree = "<group>"; };
		B408FE4F0F5ECAE6004CF368 /* Ceres.sqlite3 */ = {isa = PBXFileReference; lastKnownFileType = file; name = Ceres.sqlite3; path = Generator/Data/Ceres.sqlite3; sourceTree = SOURCE_ROOT; };
		B40C1D3F0EF1205D0050F22B /* Ceres.h */ = {isa = PBXFileReference; fileEncoding = 4; lastKnownFileType = sourcecode.c.h; path = Ceres.h; sourceTree = "<group>"; };
		B40C1D400EF1205D0050F22B /* Ceres.m */ = {isa = PBXFileReference; fileEncoding = 4; lastKnownFileType = sourcecode.c.objc; path = Ceres.m; sourceTree = "<group>"; };
		B40C1EED0EF1C1CB0050F22B /* Ceres.app */ = {isa = PBXFileReference; explicitFileType = wrapper.application; includeInIndex = 0; path = Ceres.app; sourceTree = BUILT_PRODUCTS_DIR; };
		B40C1EEF0EF1C1CB0050F22B /* Ceres-Info.plist */ = {isa = PBXFileReference; lastKnownFileType = text.plist.xml; path = "Ceres-Info.plist"; sourceTree = "<group>"; };
		B40C1EF50EF1C2050050F22B /* CeresMain.h */ = {isa = PBXFileReference; fileEncoding = 4; lastKnownFileType = sourcecode.c.h; path = CeresMain.h; sourceTree = "<group>"; };
		B40C1EF60EF1C2050050F22B /* CeresMain.m */ = {isa = PBXFileReference; fileEncoding = 4; lastKnownFileType = sourcecode.c.objc; path = CeresMain.m; sourceTree = "<group>"; };
		B40C26D90F114DFD006D76F0 /* CeresObject.h */ = {isa = PBXFileReference; fileEncoding = 4; lastKnownFileType = sourcecode.c.h; path = CeresObject.h; sourceTree = "<group>"; };
		B40C26DA0F114DFD006D76F0 /* CeresObject.m */ = {isa = PBXFileReference; fileEncoding = 4; lastKnownFileType = sourcecode.c.objc; path = CeresObject.m; sourceTree = "<group>"; };
		B41544900F49D269005B5D48 /* PreferencesController.h */ = {isa = PBXFileReference; fileEncoding = 4; lastKnownFileType = sourcecode.c.h; path = PreferencesController.h; sourceTree = "<group>"; };
		B41544910F49D269005B5D48 /* PreferencesController.m */ = {isa = PBXFileReference; fileEncoding = 4; lastKnownFileType = sourcecode.c.objc; path = PreferencesController.m; sourceTree = "<group>"; };
		B41544980F49F17E005B5D48 /* CeresPreferencesController.h */ = {isa = PBXFileReference; fileEncoding = 4; lastKnownFileType = sourcecode.c.h; path = CeresPreferencesController.h; sourceTree = "<group>"; };
		B41544990F49F17E005B5D48 /* CeresPreferencesController.m */ = {isa = PBXFileReference; fileEncoding = 4; lastKnownFileType = sourcecode.c.objc; path = CeresPreferencesController.m; sourceTree = "<group>"; };
		B41544CF0F49F6CE005B5D48 /* CharacterPreferences.xib */ = {isa = PBXFileReference; lastKnownFileType = file.xib; path = CharacterPreferences.xib; sourceTree = "<group>"; };
		B41544D20F49F715005B5D48 /* CharacterPreferencesController.h */ = {isa = PBXFileReference; fileEncoding = 4; lastKnownFileType = sourcecode.c.h; path = CharacterPreferencesController.h; sourceTree = "<group>"; };
		B41544D30F49F715005B5D48 /* CharacterPreferencesController.m */ = {isa = PBXFileReference; fileEncoding = 4; lastKnownFileType = sourcecode.c.objc; path = CharacterPreferencesController.m; sourceTree = "<group>"; };
		B415458E0F4A08D6005B5D48 /* UserDefaults.plist */ = {isa = PBXFileReference; fileEncoding = 4; lastKnownFileType = text.plist.xml; path = UserDefaults.plist; sourceTree = "<group>"; };
		B41545D70F4A0C28005B5D48 /* NSNumberFormatting.h */ = {isa = PBXFileReference; fileEncoding = 4; lastKnownFileType = sourcecode.c.h; path = NSNumberFormatting.h; sourceTree = "<group>"; };
		B41545D80F4A0C28005B5D48 /* NSNumberFormatting.m */ = {isa = PBXFileReference; fileEncoding = 4; lastKnownFileType = sourcecode.c.objc; path = NSNumberFormatting.m; sourceTree = "<group>"; };
		B415462D0F4A1106005B5D48 /* NSDateFormatting.h */ = {isa = PBXFileReference; fileEncoding = 4; lastKnownFileType = sourcecode.c.h; path = NSDateFormatting.h; sourceTree = "<group>"; };
		B415462E0F4A1106005B5D48 /* NSDateFormatting.m */ = {isa = PBXFileReference; fileEncoding = 4; lastKnownFileType = sourcecode.c.objc; path = NSDateFormatting.m; sourceTree = "<group>"; };
		B415470B0F4B4CB1005B5D48 /* StatusItem.m */ = {isa = PBXFileReference; fileEncoding = 4; lastKnownFileType = sourcecode.c.objc; path = StatusItem.m; sourceTree = "<group>"; };
		B415470C0F4B4CB1005B5D48 /* StatusItem.h */ = {isa = PBXFileReference; fileEncoding = 4; lastKnownFileType = sourcecode.c.h; path = StatusItem.h; sourceTree = "<group>"; };
		B415498C0F4B7C98005B5D48 /* StatusIcon.tiff */ = {isa = PBXFileReference; lastKnownFileType = image.tiff; path = StatusIcon.tiff; sourceTree = "<group>"; };
		B415498D0F4B7C98005B5D48 /* StatusIconAlternate.tiff */ = {isa = PBXFileReference; lastKnownFileType = image.tiff; path = StatusIconAlternate.tiff; sourceTree = "<group>"; };
		B4154C710F4F757B005B5D48 /* CharacterMenuItem.h */ = {isa = PBXFileReference; fileEncoding = 4; lastKnownFileType = sourcecode.c.h; path = CharacterMenuItem.h; sourceTree = "<group>"; };
		B4154C720F4F757B005B5D48 /* CharacterMenuItem.m */ = {isa = PBXFileReference; fileEncoding = 4; lastKnownFileType = sourcecode.c.objc; path = CharacterMenuItem.m; sourceTree = "<group>"; };
		B4154D670F518015005B5D48 /* GroupCell.h */ = {isa = PBXFileReference; fileEncoding = 4; lastKnownFileType = sourcecode.c.h; path = GroupCell.h; sourceTree = "<group>"; };
		B4154D680F518015005B5D48 /* GroupCell.m */ = {isa = PBXFileReference; fileEncoding = 4; lastKnownFileType = sourcecode.c.objc; path = GroupCell.m; sourceTree = "<group>"; };
		B4154E050F527AE0005B5D48 /* CacheMenuItem.h */ = {isa = PBXFileReference; fileEncoding = 4; lastKnownFileType = sourcecode.c.h; path = CacheMenuItem.h; sourceTree = "<group>"; };
		B4154E060F527AE0005B5D48 /* CacheMenuItem.m */ = {isa = PBXFileReference; fileEncoding = 4; lastKnownFileType = sourcecode.c.objc; path = CacheMenuItem.m; sourceTree = "<group>"; };
		B4154E6A0F52A751005B5D48 /* Ceres 0.0.11.xcdatamodel */ = {isa = PBXFileReference; lastKnownFileType = wrapper.xcdatamodel; path = "Ceres 0.0.11.xcdatamodel"; sourceTree = "<group>"; };
		B4154EC40F52AF79005B5D48 /* CeresArrayController.h */ = {isa = PBXFileReference; fileEncoding = 4; lastKnownFileType = sourcecode.c.h; path = CeresArrayController.h; sourceTree = "<group>"; };
		B4154EC50F52AF79005B5D48 /* CeresArrayController.m */ = {isa = PBXFileReference; fileEncoding = 4; lastKnownFileType = sourcecode.c.objc; path = CeresArrayController.m; sourceTree = "<group>"; };
		B415502B0F536019005B5D48 /* StickyWindow.h */ = {isa = PBXFileReference; fileEncoding = 4; lastKnownFileType = sourcecode.c.h; path = StickyWindow.h; sourceTree = "<group>"; };
		B415502C0F536019005B5D48 /* StickyWindow.m */ = {isa = PBXFileReference; fileEncoding = 4; lastKnownFileType = sourcecode.c.objc; path = StickyWindow.m; sourceTree = "<group>"; };
		B41550FA0F556D59005B5D48 /* Module.h */ = {isa = PBXFileReference; fileEncoding = 4; lastKnownFileType = sourcecode.c.h; path = Module.h; sourceTree = "<group>"; };
		B41551200F556E6F005B5D48 /* ModularController.h */ = {isa = PBXFileReference; fileEncoding = 4; lastKnownFileType = sourcecode.c.h; path = ModularController.h; sourceTree = "<group>"; };
		B41551210F556E6F005B5D48 /* ModularController.m */ = {isa = PBXFileReference; fileEncoding = 4; lastKnownFileType = sourcecode.c.objc; path = ModularController.m; sourceTree = "<group>"; };
		B41551670F5571F5005B5D48 /* TabbedCharacterController.h */ = {isa = PBXFileReference; fileEncoding = 4; lastKnownFileType = sourcecode.c.h; path = TabbedCharacterController.h; sourceTree = "<group>"; };
		B41551680F5571F5005B5D48 /* TabbedCharacterController.m */ = {isa = PBXFileReference; fileEncoding = 4; lastKnownFileType = sourcecode.c.objc; path = TabbedCharacterController.m; sourceTree = "<group>"; };
		B415520F0F55AAB6005B5D48 /* CharacterViewController.h */ = {isa = PBXFileReference; fileEncoding = 4; lastKnownFileType = sourcecode.c.h; path = CharacterViewController.h; sourceTree = "<group>"; };
		B41552100F55AAB7005B5D48 /* CharacterViewController.m */ = {isa = PBXFileReference; fileEncoding = 4; lastKnownFileType = sourcecode.c.objc; path = CharacterViewController.m; sourceTree = "<group>"; };
		B415531A0F55FBAD005B5D48 /* About.xib */ = {isa = PBXFileReference; lastKnownFileType = file.xib; path = About.xib; sourceTree = "<group>"; };
		B41553240F55FEDE005B5D48 /* AboutController.h */ = {isa = PBXFileReference; fileEncoding = 4; lastKnownFileType = sourcecode.c.h; path = AboutController.h; sourceTree = "<group>"; };
		B41553250F55FEDE005B5D48 /* AboutController.m */ = {isa = PBXFileReference; fileEncoding = 4; lastKnownFileType = sourcecode.c.objc; path = AboutController.m; sourceTree = "<group>"; };
		B415CDE30F2F5EE80058F57D /* TrainedSkill.h */ = {isa = PBXFileReference; fileEncoding = 4; lastKnownFileType = sourcecode.c.h; path = TrainedSkill.h; sourceTree = "<group>"; };
		B415CDE40F2F5EE80058F57D /* TrainedSkill.m */ = {isa = PBXFileReference; fileEncoding = 4; lastKnownFileType = sourcecode.c.objc; path = TrainedSkill.m; sourceTree = "<group>"; };
		B424F4D80EEC89E900B5E7C5 /* EveObject.h */ = {isa = PBXFileReference; fileEncoding = 4; lastKnownFileType = sourcecode.c.h; path = EveObject.h; sourceTree = "<group>"; };
		B424F4D90EEC89E900B5E7C5 /* EveObject.m */ = {isa = PBXFileReference; fileEncoding = 4; lastKnownFileType = sourcecode.c.objc; path = EveObject.m; sourceTree = "<group>"; };
		B424F4F30EEC8D2900B5E7C5 /* CorporationInfo.h */ = {isa = PBXFileReference; fileEncoding = 4; lastKnownFileType = sourcecode.c.h; path = CorporationInfo.h; sourceTree = "<group>"; };
		B424F4F40EEC8D2900B5E7C5 /* CorporationInfo.m */ = {isa = PBXFileReference; fileEncoding = 4; lastKnownFileType = sourcecode.c.objc; path = CorporationInfo.m; sourceTree = "<group>"; };
		B424F4FB0EEC8DA000B5E7C5 /* CharacterInfo.h */ = {isa = PBXFileReference; fileEncoding = 4; lastKnownFileType = sourcecode.c.h; path = CharacterInfo.h; sourceTree = "<group>"; };
		B424F4FC0EEC8DA000B5E7C5 /* CharacterInfo.m */ = {isa = PBXFileReference; fileEncoding = 4; lastKnownFileType = sourcecode.c.objc; path = CharacterInfo.m; sourceTree = "<group>"; };
		B424F5000EEC8E4F00B5E7C5 /* Attributes.h */ = {isa = PBXFileReference; fileEncoding = 4; lastKnownFileType = sourcecode.c.h; path = Attributes.h; sourceTree = "<group>"; };
		B424F5010EEC8E4F00B5E7C5 /* Attributes.m */ = {isa = PBXFileReference; fileEncoding = 4; lastKnownFileType = sourcecode.c.objc; path = Attributes.m; sourceTree = "<group>"; };
		B424F56C0EEC979B00B5E7C5 /* Account.h */ = {isa = PBXFileReference; fileEncoding = 4; lastKnownFileType = sourcecode.c.h; path = Account.h; sourceTree = "<group>"; };
		B424F56D0EEC979B00B5E7C5 /* Account.m */ = {isa = PBXFileReference; fileEncoding = 4; lastKnownFileType = sourcecode.c.objc; path = Account.m; sourceTree = "<group>"; };
		B424F5700EEC984100B5E7C5 /* Clone.h */ = {isa = PBXFileReference; fileEncoding = 4; lastKnownFileType = sourcecode.c.h; path = Clone.h; sourceTree = "<group>"; };
		B424F5710EEC984100B5E7C5 /* Clone.m */ = {isa = PBXFileReference; fileEncoding = 4; lastKnownFileType = sourcecode.c.objc; path = Clone.m; sourceTree = "<group>"; };
		B424F5740EEC98A800B5E7C5 /* Implant.h */ = {isa = PBXFileReference; fileEncoding = 4; lastKnownFileType = sourcecode.c.h; path = Implant.h; sourceTree = "<group>"; };
		B424F5750EEC98A800B5E7C5 /* Implant.m */ = {isa = PBXFileReference; fileEncoding = 4; lastKnownFileType = sourcecode.c.objc; path = Implant.m; sourceTree = "<group>"; };
		B424F5780EEC990100B5E7C5 /* Character.h */ = {isa = PBXFileReference; fileEncoding = 4; lastKnownFileType = sourcecode.c.h; path = Character.h; sourceTree = "<group>"; };
		B424F5790EEC990100B5E7C5 /* Character.m */ = {isa = PBXFileReference; fileEncoding = 4; lastKnownFileType = sourcecode.c.objc; path = Character.m; sourceTree = "<group>"; };
		B424F62E0EED3D2C00B5E7C5 /* Api.h */ = {isa = PBXFileReference; fileEncoding = 4; lastKnownFileType = sourcecode.c.h; path = Api.h; sourceTree = "<group>"; };
		B424F62F0EED3D2C00B5E7C5 /* Api.m */ = {isa = PBXFileReference; fileEncoding = 4; lastKnownFileType = sourcecode.c.objc; path = Api.m; sourceTree = "<group>"; };
		B424F6800EED44C800B5E7C5 /* Test */ = {isa = PBXFileReference; explicitFileType = "compiled.mach-o.executable"; includeInIndex = 0; path = Test; sourceTree = BUILT_PRODUCTS_DIR; };
		B424F6F60EED4C2D00B5E7C5 /* TestMain.h */ = {isa = PBXFileReference; fileEncoding = 4; lastKnownFileType = sourcecode.c.h; path = TestMain.h; sourceTree = "<group>"; };
		B424F6F70EED4C2D00B5E7C5 /* TestMain.m */ = {isa = PBXFileReference; fileEncoding = 4; lastKnownFileType = sourcecode.c.objc; path = TestMain.m; sourceTree = "<group>"; };
		B424FAE80EEF0CD700B5E7C5 /* Ceres 0.0.13.xcdatamodel */ = {isa = PBXFileReference; explicitFileType = wrapper.xcdatamodel; fileEncoding = 4; path = "Ceres 0.0.13.xcdatamodel"; sourceTree = "<group>"; };
		B462BA9F0F291B9C004D04D8 /* CeresNotification.h */ = {isa = PBXFileReference; fileEncoding = 4; lastKnownFileType = sourcecode.c.h; path = CeresNotification.h; sourceTree = "<group>"; };
		B462BAA00F291B9C004D04D8 /* CeresNotification.m */ = {isa = PBXFileReference; fileEncoding = 4; lastKnownFileType = sourcecode.c.objc; path = CeresNotification.m; sourceTree = "<group>"; };
		B462BAF60F292236004D04D8 /* Updater.h */ = {isa = PBXFileReference; fileEncoding = 4; lastKnownFileType = sourcecode.c.h; path = Updater.h; sourceTree = "<group>"; };
		B462BAF70F292236004D04D8 /* Updater.m */ = {isa = PBXFileReference; fileEncoding = 4; lastKnownFileType = sourcecode.c.objc; path = Updater.m; sourceTree = "<group>"; };
		B462C17F0F2D3140004D04D8 /* License */ = {isa = PBXFileReference; fileEncoding = 4; lastKnownFileType = text; path = License; sourceTree = "<group>"; };
		B462C28B0F2E1071004D04D8 /* Growl.framework */ = {isa = PBXFileReference; lastKnownFileType = wrapper.framework; name = Growl.framework; path = Frameworks/Growl.framework; sourceTree = "<group>"; };
		B462C36A0F2E4B1B004D04D8 /* CharacterNotification.h */ = {isa = PBXFileReference; fileEncoding = 4; lastKnownFileType = sourcecode.c.h; path = CharacterNotification.h; sourceTree = "<group>"; };
		B462C36B0F2E4B1B004D04D8 /* CharacterNotification.m */ = {isa = PBXFileReference; fileEncoding = 4; lastKnownFileType = sourcecode.c.objc; path = CharacterNotification.m; sourceTree = "<group>"; };
		B4668C0A0F0585E4002E13B4 /* MarketGroup.h */ = {isa = PBXFileReference; fileEncoding = 4; lastKnownFileType = sourcecode.c.h; path = MarketGroup.h; sourceTree = "<group>"; };
		B4668C0B0F0585E4002E13B4 /* MarketGroup.m */ = {isa = PBXFileReference; fileEncoding = 4; lastKnownFileType = sourcecode.c.objc; path = MarketGroup.m; sourceTree = "<group>"; };
		B4668C0F0F0588FF002E13B4 /* Group.h */ = {isa = PBXFileReference; fileEncoding = 4; lastKnownFileType = sourcecode.c.h; path = Group.h; sourceTree = "<group>"; };
		B4668C100F0588FF002E13B4 /* Group.m */ = {isa = PBXFileReference; fileEncoding = 4; lastKnownFileType = sourcecode.c.objc; path = Group.m; sourceTree = "<group>"; };
		B4668C180F0589FD002E13B4 /* Category.h */ = {isa = PBXFileReference; fileEncoding = 4; lastKnownFileType = sourcecode.c.h; path = Category.h; sourceTree = "<group>"; };
		B4668C190F0589FD002E13B4 /* Category.m */ = {isa = PBXFileReference; fileEncoding = 4; lastKnownFileType = sourcecode.c.objc; path = Category.m; sourceTree = "<group>"; };
		B4668D400F06A71C002E13B4 /* Xml.h */ = {isa = PBXFileReference; fileEncoding = 4; lastKnownFileType = sourcecode.c.h; path = Xml.h; sourceTree = "<group>"; };
		B4668D410F06A71C002E13B4 /* Xml.m */ = {isa = PBXFileReference; fileEncoding = 4; lastKnownFileType = sourcecode.c.objc; path = Xml.m; sourceTree = "<group>"; };
		B496BF430F33B6EC00E92DB4 /* Sparkle.framework */ = {isa = PBXFileReference; lastKnownFileType = wrapper.framework; name = Sparkle.framework; path = Frameworks/Sparkle.framework; sourceTree = "<group>"; };
		B496BF590F33BA2B00E92DB4 /* dsa_pub.pem */ = {isa = PBXFileReference; fileEncoding = 4; lastKnownFileType = text; path = dsa_pub.pem; sourceTree = "<group>"; };
		B496BF940F33C94E00E92DB4 /* TableCell.h */ = {isa = PBXFileReference; fileEncoding = 4; lastKnownFileType = sourcecode.c.h; path = TableCell.h; sourceTree = "<group>"; };
		B496BF950F33C94E00E92DB4 /* TableCell.m */ = {isa = PBXFileReference; fileEncoding = 4; lastKnownFileType = sourcecode.c.objc; path = TableCell.m; sourceTree = "<group>"; };
		B496C10C0F348E3000E92DB4 /* SkillListController.h */ = {isa = PBXFileReference; fileEncoding = 4; lastKnownFileType = sourcecode.c.h; path = SkillListController.h; sourceTree = "<group>"; };
		B496C10D0F348E3000E92DB4 /* SkillListController.m */ = {isa = PBXFileReference; fileEncoding = 4; lastKnownFileType = sourcecode.c.objc; path = SkillListController.m; sourceTree = "<group>"; };
		B496C1A10F34A76900E92DB4 /* SkillCell.h */ = {isa = PBXFileReference; fileEncoding = 4; lastKnownFileType = sourcecode.c.h; path = SkillCell.h; sourceTree = "<group>"; };
		B496C1A20F34A76900E92DB4 /* SkillCell.m */ = {isa = PBXFileReference; fileEncoding = 4; lastKnownFileType = sourcecode.c.objc; path = SkillCell.m; sourceTree = "<group>"; };
		B49C056C0EF337E30044268E /* CeresHeader.h */ = {isa = PBXFileReference; fileEncoding = 4; lastKnownFileType = sourcecode.c.h; path = CeresHeader.h; sourceTree = "<group>"; };
		B49C08090EF3F4610044268E /* Data.h */ = {isa = PBXFileReference; fileEncoding = 4; lastKnownFileType = sourcecode.c.h; path = Data.h; sourceTree = "<group>"; };
		B49C080A0EF3F4610044268E /* Data.m */ = {isa = PBXFileReference; fileEncoding = 4; lastKnownFileType = sourcecode.c.objc; path = Data.m; sourceTree = "<group>"; };
		B4A539410F1FEB9100B404E6 /* CharacterCell.m */ = {isa = PBXFileReference; fileEncoding = 4; lastKnownFileType = sourcecode.c.objc; path = CharacterCell.m; sourceTree = "<group>"; };
		B4A539420F1FEB9100B404E6 /* CharacterCell.h */ = {isa = PBXFileReference; fileEncoding = 4; lastKnownFileType = sourcecode.c.h; path = CharacterCell.h; sourceTree = "<group>"; };
		B4A53A680F20B5B600B404E6 /* Ceres.xib */ = {isa = PBXFileReference; lastKnownFileType = file.xib; path = Ceres.xib; sourceTree = "<group>"; };
		B4A53A700F20B8E000B404E6 /* CharacterListController.h */ = {isa = PBXFileReference; fileEncoding = 4; lastKnownFileType = sourcecode.c.h; path = CharacterListController.h; sourceTree = "<group>"; };
		B4A53A710F20B8E000B404E6 /* CharacterListController.m */ = {isa = PBXFileReference; fileEncoding = 4; lastKnownFileType = sourcecode.c.objc; path = CharacterListController.m; sourceTree = "<group>"; };
		B4BC10770F12D8FA00179BAD /* Loader.h */ = {isa = PBXFileReference; fileEncoding = 4; lastKnownFileType = sourcecode.c.h; path = Loader.h; sourceTree = "<group>"; };
		B4BC10780F12D8FA00179BAD /* Loader.m */ = {isa = PBXFileReference; fileEncoding = 4; lastKnownFileType = sourcecode.c.objc; path = Loader.m; sourceTree = "<group>"; };
		B4C0E3200F38685E00A96DD6 /* Ceres 0.0.7.xcdatamodel */ = {isa = PBXFileReference; lastKnownFileType = wrapper.xcdatamodel; path = "Ceres 0.0.7.xcdatamodel"; sourceTree = "<group>"; };
		B4C0E8050F39C43600A96DD6 /* ImplantSet.h */ = {isa = PBXFileReference; fileEncoding = 4; lastKnownFileType = sourcecode.c.h; path = ImplantSet.h; sourceTree = "<group>"; };
		B4C0E8060F39C43600A96DD6 /* ImplantSet.m */ = {isa = PBXFileReference; fileEncoding = 4; lastKnownFileType = sourcecode.c.objc; path = ImplantSet.m; sourceTree = "<group>"; };
		B4E9ADA30F3C8605007A175C /* NSArray.h */ = {isa = PBXFileReference; fileEncoding = 4; lastKnownFileType = sourcecode.c.h; path = NSArray.h; sourceTree = "<group>"; };
		B4E9ADA40F3C8605007A175C /* NSArray.m */ = {isa = PBXFileReference; fileEncoding = 4; lastKnownFileType = sourcecode.c.objc; path = NSArray.m; sourceTree = "<group>"; };
		B4E9ADA80F3C8792007A175C /* NSBundle.h */ = {isa = PBXFileReference; fileEncoding = 4; lastKnownFileType = sourcecode.c.h; path = NSBundle.h; sourceTree = "<group>"; };
		B4E9ADA90F3C8792007A175C /* NSBundle.m */ = {isa = PBXFileReference; fileEncoding = 4; lastKnownFileType = sourcecode.c.objc; path = NSBundle.m; sourceTree = "<group>"; };
		B4E9ADAF0F3C8983007A175C /* CeresAdditions.h */ = {isa = PBXFileReference; fileEncoding = 4; lastKnownFileType = sourcecode.c.h; path = CeresAdditions.h; sourceTree = "<group>"; };
		B4E9AE170F3C8D8E007A175C /* NSXMLDocument.h */ = {isa = PBXFileReference; fileEncoding = 4; lastKnownFileType = sourcecode.c.h; path = NSXMLDocument.h; sourceTree = "<group>"; };
		B4E9AE180F3C8D8E007A175C /* NSXMLDocument.m */ = {isa = PBXFileReference; fileEncoding = 4; lastKnownFileType = sourcecode.c.objc; path = NSXMLDocument.m; sourceTree = "<group>"; };
		B4E9AE370F3C8E34007A175C /* NSXMLNode.h */ = {isa = PBXFileReference; fileEncoding = 4; lastKnownFileType = sourcecode.c.h; path = NSXMLNode.h; sourceTree = "<group>"; };
		B4E9AE380F3C8E34007A175C /* NSXMLNode.m */ = {isa = PBXFileReference; fileEncoding = 4; lastKnownFileType = sourcecode.c.objc; path = NSXMLNode.m; sourceTree = "<group>"; };
		B4E9AE780F3CAAC0007A175C /* NSNumber.h */ = {isa = PBXFileReference; fileEncoding = 4; lastKnownFileType = sourcecode.c.h; path = NSNumber.h; sourceTree = "<group>"; };
		B4E9AE790F3CAAC0007A175C /* NSNumber.m */ = {isa = PBXFileReference; fileEncoding = 4; lastKnownFileType = sourcecode.c.objc; path = NSNumber.m; sourceTree = "<group>"; };
		B4F0E6210F22806E00412957 /* Character.xib */ = {isa = PBXFileReference; lastKnownFileType = file.xib; path = Character.xib; sourceTree = "<group>"; };
		B4F0E6590F22865900412957 /* CharacterController.h */ = {isa = PBXFileReference; fileEncoding = 4; lastKnownFileType = sourcecode.c.h; path = CharacterController.h; sourceTree = "<group>"; };
		B4F0E65A0F22865900412957 /* CharacterController.m */ = {isa = PBXFileReference; fileEncoding = 4; lastKnownFileType = sourcecode.c.objc; path = CharacterController.m; sourceTree = "<group>"; };
		B4FF57B30F3DEB3B00F67A6C /* NSThread.h */ = {isa = PBXFileReference; fileEncoding = 4; lastKnownFileType = sourcecode.c.h; path = NSThread.h; sourceTree = "<group>"; };
		B4FF57B40F3DEB3B00F67A6C /* NSThread.m */ = {isa = PBXFileReference; fileEncoding = 4; lastKnownFileType = sourcecode.c.objc; path = NSThread.m; sourceTree = "<group>"; };
		B4FF58730F3E677E00F67A6C /* Ceres 0.0.8.xcdatamodel */ = {isa = PBXFileReference; lastKnownFileType = wrapper.xcdatamodel; path = "Ceres 0.0.8.xcdatamodel"; sourceTree = "<group>"; };
		D2F7E79907B2D74100F64583 /* CoreData.framework */ = {isa = PBXFileReference; lastKnownFileType = wrapper.framework; name = CoreData.framework; path = /System/Library/Frameworks/CoreData.framework; sourceTree = "<absolute>"; };
/* End PBXFileReference section */

/* Begin PBXFrameworksBuildPhase section */
		8DC2EF560486A6940098B216 /* Frameworks */ = {
			isa = PBXFrameworksBuildPhase;
			buildActionMask = 2147483647;
			files = (
				B408F5E20F5D5861004CF368 /* CeresIO.framework in Frameworks */,
				8DC2EF570486A6940098B216 /* Cocoa.framework in Frameworks */,
			);
			runOnlyForDeploymentPostprocessing = 0;
		};
		B408FDB60F5EBCE5004CF368 /* Frameworks */ = {
			isa = PBXFrameworksBuildPhase;
			buildActionMask = 2147483647;
			files = (
				B408FDFD0F5EC454004CF368 /* Ceres.framework in Frameworks */,
				B408FDFC0F5EC451004CF368 /* CeresIO.framework in Frameworks */,
			);
			runOnlyForDeploymentPostprocessing = 0;
		};
		B40C1EEB0EF1C1CB0050F22B /* Frameworks */ = {
			isa = PBXFrameworksBuildPhase;
			buildActionMask = 2147483647;
			files = (
				B408F5DE0F5D5814004CF368 /* CeresIO.framework in Frameworks */,
				B496BF830F33C08B00E92DB4 /* Sparkle.framework in Frameworks */,
				B462C2C40F2E11D2004D04D8 /* Growl.framework in Frameworks */,
				B4668BB10F0053EA002E13B4 /* Ceres.framework in Frameworks */,
			);
			runOnlyForDeploymentPostprocessing = 0;
		};
		B424F67E0EED44C800B5E7C5 /* Frameworks */ = {
			isa = PBXFrameworksBuildPhase;
			buildActionMask = 2147483647;
			files = (
				B424F7380EED700200B5E7C5 /* Ceres.framework in Frameworks */,
			);
			runOnlyForDeploymentPostprocessing = 0;
		};
/* End PBXFrameworksBuildPhase section */

/* Begin PBXGroup section */
		034768DFFF38A50411DB9C8B /* Products */ = {
			isa = PBXGroup;
			children = (
				8DC2EF5B0486A6940098B216 /* Ceres.framework */,
				B424F6800EED44C800B5E7C5 /* Test */,
				B40C1EED0EF1C1CB0050F22B /* Ceres.app */,
				B408FDB80F5EBCE5004CF368 /* GenerateDatabase */,
			);
			name = Products;
			sourceTree = "<group>";
		};
		0867D691FE84028FC02AAC07 /* Ceres */ = {
			isa = PBXGroup;
			children = (
				B4E9AD950F3C8363007A175C /* Additions */,
				B402187F0F1838C60068D818 /* Ceres Interface */,
				B424FB320EEF132800B5E7C5 /* Models */,
				08FB77AEFE84172EC02AAC07 /* Ceres Framework */,
				32C88DFF0371C24200C91783 /* Other Sources */,
				089C1665FE841158C02AAC07 /* Resources */,
				0867D69AFE84028FC02AAC07 /* External Frameworks and Libraries */,
				034768DFFF38A50411DB9C8B /* Products */,
			);
			name = Ceres;
			sourceTree = "<group>";
		};
		0867D69AFE84028FC02AAC07 /* External Frameworks and Libraries */ = {
			isa = PBXGroup;
			children = (
				1058C7B0FEA5585E11CA2CBB /* Linked Frameworks */,
				1058C7B2FEA5585E11CA2CBB /* Other Frameworks */,
			);
			name = "External Frameworks and Libraries";
			sourceTree = "<group>";
		};
		089C1665FE841158C02AAC07 /* Resources */ = {
			isa = PBXGroup;
			children = (
				B496BF590F33BA2B00E92DB4 /* dsa_pub.pem */,
				B40C1EEF0EF1C1CB0050F22B /* Ceres-Info.plist */,
				B408FE4F0F5ECAE6004CF368 /* Ceres.sqlite3 */,
				8DC2EF5A0486A6940098B216 /* Info.plist */,
				B415498C0F4B7C98005B5D48 /* StatusIcon.tiff */,
				B415498D0F4B7C98005B5D48 /* StatusIconAlternate.tiff */,
				089C1666FE841158C02AAC07 /* InfoPlist.strings */,
				B40581430F19AFBA009EEDD8 /* Loading.xib */,
				B4A53A680F20B5B600B404E6 /* Ceres.xib */,
				B4F0E6210F22806E00412957 /* Character.xib */,
				B462C17F0F2D3140004D04D8 /* License */,
				B4031CB20F45E6C500A99577 /* Menu.xib */,
				B41544CF0F49F6CE005B5D48 /* CharacterPreferences.xib */,
				B415458E0F4A08D6005B5D48 /* UserDefaults.plist */,
				B415531A0F55FBAD005B5D48 /* About.xib */,
			);
			name = Resources;
			sourceTree = "<group>";
		};
		08FB77AEFE84172EC02AAC07 /* Ceres Framework */ = {
			isa = PBXGroup;
			children = (
				B4050F7F0EF5291700584535 /* Data */,
				B424F4F20EEC8D1400B5E7C5 /* API */,
				B424F4D40EEC894000B5E7C5 /* Common */,
			);
			name = "Ceres Framework";
			sourceTree = "<group>";
		};
		1058C7B0FEA5585E11CA2CBB /* Linked Frameworks */ = {
			isa = PBXGroup;
			children = (
				B408F5AF0F5D57A7004CF368 /* CeresIO.xcodeproj */,
				B496BF430F33B6EC00E92DB4 /* Sparkle.framework */,
				B462C28B0F2E1071004D04D8 /* Growl.framework */,
				1058C7B1FEA5585E11CA2CBB /* Cocoa.framework */,
			);
			name = "Linked Frameworks";
			sourceTree = "<group>";
		};
		1058C7B2FEA5585E11CA2CBB /* Other Frameworks */ = {
			isa = PBXGroup;
			children = (
				0867D6A5FE840307C02AAC07 /* AppKit.framework */,
				D2F7E79907B2D74100F64583 /* CoreData.framework */,
				0867D69BFE84028FC02AAC07 /* Foundation.framework */,
			);
			name = "Other Frameworks";
			sourceTree = "<group>";
		};
		32C88DFF0371C24200C91783 /* Other Sources */ = {
			isa = PBXGroup;
			children = (
				B424F6F60EED4C2D00B5E7C5 /* TestMain.h */,
				B424F6F70EED4C2D00B5E7C5 /* TestMain.m */,
				32DBCF5E0370ADEE00C91783 /* Ceres_Prefix.pch */,
				B408FDBD0F5EBE13004CF368 /* GenerateDatabaseMain.h */,
				B408FDBE0F5EBE13004CF368 /* GenerateDatabaseMain.m */,
			);
			name = "Other Sources";
			sourceTree = "<group>";
		};
		B402187F0F1838C60068D818 /* Ceres Interface */ = {
			isa = PBXGroup;
			children = (
				B4A539E90F20AD3D00B404E6 /* Elements */,
				B40581400F19AF7C009EEDD8 /* Controllers */,
				B40581140F19AE42009EEDD8 /* Main */,
			);
			name = "Ceres Interface";
			sourceTree = "<group>";
		};
		B40319090F41D1F200A99577 /* Geometry */ = {
			isa = PBXGroup;
			children = (
				B403190A0F41D20400A99577 /* NSRect.h */,
				B40319EC0F4251C200A99577 /* NSImage.h */,
				B40319ED0F4251C200A99577 /* NSImage.m */,
			);
			name = Geometry;
			sourceTree = "<group>";
		};
		B4050EDA0EF5141900584535 /* Server Status */ = {
			isa = PBXGroup;
			children = (
				B4050EDD0EF5143900584535 /* ServerStatus.h */,
				B4050EDE0EF5143900584535 /* ServerStatus.m */,
			);
			name = "Server Status";
			sourceTree = "<group>";
		};
		B4050F7F0EF5291700584535 /* Data */ = {
			isa = PBXGroup;
			children = (
				B49C08090EF3F4610044268E /* Data.h */,
				B49C080A0EF3F4610044268E /* Data.m */,
				B4668C090F0585CD002E13B4 /* Groupings */,
				B405104E0EF6C5ED00584535 /* Item Types */,
			);
			name = Data;
			sourceTree = "<group>";
		};
		B405104E0EF6C5ED00584535 /* Item Types */ = {
			isa = PBXGroup;
			children = (
				B424F5700EEC984100B5E7C5 /* Clone.h */,
				B424F5710EEC984100B5E7C5 /* Clone.m */,
				B424F5740EEC98A800B5E7C5 /* Implant.h */,
				B424F5750EEC98A800B5E7C5 /* Implant.m */,
				B405104F0EF6C60F00584535 /* ItemType.h */,
				B40510500EF6C60F00584535 /* ItemType.m */,
				B405110B0EF96E7F00584535 /* Skill.h */,
				B405110C0EF96E7F00584535 /* Skill.m */,
			);
			name = "Item Types";
			sourceTree = "<group>";
		};
		B40581140F19AE42009EEDD8 /* Main */ = {
			isa = PBXGroup;
			children = (
				B40C1EF50EF1C2050050F22B /* CeresMain.h */,
				B40C1EF60EF1C2050050F22B /* CeresMain.m */,
				B40581150F19AE55009EEDD8 /* Interface.h */,
				B40581160F19AE55009EEDD8 /* Interface.m */,
			);
			name = Main;
			sourceTree = "<group>";
		};
		B40581400F19AF7C009EEDD8 /* Controllers */ = {
			isa = PBXGroup;
			children = (
				B41553230F55FD52005B5D48 /* About */,
				B415470A0F4B4CA4005B5D48 /* StatusIcon */,
				B41544970F49F14B005B5D48 /* Preferences */,
				B4F0E6580F22863C00412957 /* Character */,
				B4F0E5F90F2247E200412957 /* Loading */,
				B4F0E5F80F2247D500412957 /* Ceres */,
			);
			name = Controllers;
			sourceTree = "<group>";
		};
		B408F5B00F5D57A7004CF368 /* Products */ = {
			isa = PBXGroup;
			children = (
				B408F5B80F5D57A7004CF368 /* Test */,
				B408F5BA0F5D57A7004CF368 /* CeresIO.framework */,
			);
			name = Products;
			sourceTree = "<group>";
		};
		B41544870F49D24A005B5D48 /* Preferences */ = {
			isa = PBXGroup;
			children = (
				B41544900F49D269005B5D48 /* PreferencesController.h */,
				B41544910F49D269005B5D48 /* PreferencesController.m */,
			);
			name = Preferences;
			sourceTree = "<group>";
		};
		B41544960F49F13A005B5D48 /* Controllers */ = {
			isa = PBXGroup;
			children = (
				B41550F90F54C185005B5D48 /* Modular */,
				B4154EC30F52AF6C005B5D48 /* Array Controller */,
			);
			name = Controllers;
			sourceTree = "<group>";
		};
		B41544970F49F14B005B5D48 /* Preferences */ = {
			isa = PBXGroup;
			children = (
				B41544980F49F17E005B5D48 /* CeresPreferencesController.h */,
				B41544990F49F17E005B5D48 /* CeresPreferencesController.m */,
				B41544D20F49F715005B5D48 /* CharacterPreferencesController.h */,
				B41544D30F49F715005B5D48 /* CharacterPreferencesController.m */,
			);
			name = Preferences;
			sourceTree = "<group>";
		};
		B41545D60F4A0C1B005B5D48 /* Formatting */ = {
			isa = PBXGroup;
			children = (
				B41545D70F4A0C28005B5D48 /* NSNumberFormatting.h */,
				B41545D80F4A0C28005B5D48 /* NSNumberFormatting.m */,
				B415462D0F4A1106005B5D48 /* NSDateFormatting.h */,
				B415462E0F4A1106005B5D48 /* NSDateFormatting.m */,
			);
			name = Formatting;
			sourceTree = "<group>";
		};
		B415470A0F4B4CA4005B5D48 /* StatusIcon */ = {
			isa = PBXGroup;
			children = (
				B415470B0F4B4CB1005B5D48 /* StatusItem.m */,
				B415470C0F4B4CB1005B5D48 /* StatusItem.h */,
			);
			name = StatusIcon;
			sourceTree = "<group>";
		};
		B4154D6A0F51801C005B5D48 /* Skill List */ = {
			isa = PBXGroup;
			children = (
				B496C1A10F34A76900E92DB4 /* SkillCell.h */,
				B496C1A20F34A76900E92DB4 /* SkillCell.m */,
				B4154D670F518015005B5D48 /* GroupCell.h */,
				B4154D680F518015005B5D48 /* GroupCell.m */,
			);
			name = "Skill List";
			sourceTree = "<group>";
		};
		B4154D910F5181E8005B5D48 /* Character List */ = {
			isa = PBXGroup;
			children = (
				B4A539410F1FEB9100B404E6 /* CharacterCell.m */,
				B4A539420F1FEB9100B404E6 /* CharacterCell.h */,
			);
			name = "Character List";
			sourceTree = "<group>";
		};
		B4154E040F527ACA005B5D48 /* Menu Items */ = {
			isa = PBXGroup;
			children = (
				B4154C710F4F757B005B5D48 /* CharacterMenuItem.h */,
				B4154C720F4F757B005B5D48 /* CharacterMenuItem.m */,
				B4154E050F527AE0005B5D48 /* CacheMenuItem.h */,
				B4154E060F527AE0005B5D48 /* CacheMenuItem.m */,
			);
			name = "Menu Items";
			sourceTree = "<group>";
		};
		B4154EC30F52AF6C005B5D48 /* Array Controller */ = {
			isa = PBXGroup;
			children = (
				B4154EC40F52AF79005B5D48 /* CeresArrayController.h */,
				B4154EC50F52AF79005B5D48 /* CeresArrayController.m */,
			);
			name = "Array Controller";
			sourceTree = "<group>";
		};
		B415502A0F535FF2005B5D48 /* Window */ = {
			isa = PBXGroup;
			children = (
				B415502B0F536019005B5D48 /* StickyWindow.h */,
				B415502C0F536019005B5D48 /* StickyWindow.m */,
			);
			name = Window;
			sourceTree = "<group>";
		};
		B41550F90F54C185005B5D48 /* Modular */ = {
			isa = PBXGroup;
			children = (
				B41544870F49D24A005B5D48 /* Preferences */,
				B41550FA0F556D59005B5D48 /* Module.h */,
				B41551200F556E6F005B5D48 /* ModularController.h */,
				B41551210F556E6F005B5D48 /* ModularController.m */,
			);
			name = Modular;
			sourceTree = "<group>";
		};
		B41553230F55FD52005B5D48 /* About */ = {
			isa = PBXGroup;
			children = (
				B41553240F55FEDE005B5D48 /* AboutController.h */,
				B41553250F55FEDE005B5D48 /* AboutController.m */,
			);
			name = About;
			sourceTree = "<group>";
		};
		B424F4D40EEC894000B5E7C5 /* Common */ = {
			isa = PBXGroup;
			children = (
				B462BAF50F29221B004D04D8 /* Updater */,
				B462BA9E0F291B82004D04D8 /* Notifications */,
				B4BC10380F12CBA000179BAD /* Loader */,
				B4BC10370F12CABA00179BAD /* Base Objects */,
				B424F4FF0EEC8E1C00B5E7C5 /* Helpers */,
				B40C1D3F0EF1205D0050F22B /* Ceres.h */,
				B40C1D400EF1205D0050F22B /* Ceres.m */,
				B49C056C0EF337E30044268E /* CeresHeader.h */,
			);
			name = Common;
			sourceTree = "<group>";
		};
		B424F4F20EEC8D1400B5E7C5 /* API */ = {
			isa = PBXGroup;
			children = (
				B424F62E0EED3D2C00B5E7C5 /* Api.h */,
				B424F62F0EED3D2C00B5E7C5 /* Api.m */,
				B424F56C0EEC979B00B5E7C5 /* Account.h */,
				B424F56D0EEC979B00B5E7C5 /* Account.m */,
				B4050EDA0EF5141900584535 /* Server Status */,
				B424F57C0EEC99E300B5E7C5 /* Character */,
				B424F4FA0EEC8D7700B5E7C5 /* Info */,
			);
			name = API;
			sourceTree = "<group>";
		};
		B424F4FA0EEC8D7700B5E7C5 /* Info */ = {
			isa = PBXGroup;
			children = (
				B424F4F30EEC8D2900B5E7C5 /* CorporationInfo.h */,
				B424F4F40EEC8D2900B5E7C5 /* CorporationInfo.m */,
				B424F4FB0EEC8DA000B5E7C5 /* CharacterInfo.h */,
				B424F4FC0EEC8DA000B5E7C5 /* CharacterInfo.m */,
			);
			name = Info;
			sourceTree = "<group>";
		};
		B424F4FF0EEC8E1C00B5E7C5 /* Helpers */ = {
			isa = PBXGroup;
			children = (
				B424F5000EEC8E4F00B5E7C5 /* Attributes.h */,
				B424F5010EEC8E4F00B5E7C5 /* Attributes.m */,
			);
			name = Helpers;
			sourceTree = "<group>";
		};
		B424F57C0EEC99E300B5E7C5 /* Character */ = {
			isa = PBXGroup;
			children = (
				B424F5780EEC990100B5E7C5 /* Character.h */,
				B424F5790EEC990100B5E7C5 /* Character.m */,
				B415CDE30F2F5EE80058F57D /* TrainedSkill.h */,
				B415CDE40F2F5EE80058F57D /* TrainedSkill.m */,
				B4C0E8050F39C43600A96DD6 /* ImplantSet.h */,
				B4C0E8060F39C43600A96DD6 /* ImplantSet.m */,
				B408F8D10F5DA628004CF368 /* CharacterFuture.h */,
				B408F8D20F5DA628004CF368 /* CharacterFuture.m */,
			);
			name = Character;
			sourceTree = "<group>";
		};
		B424FB320EEF132800B5E7C5 /* Models */ = {
			isa = PBXGroup;
			children = (
				B4C0E31D0F38685E00A96DD6 /* Ceres.xcdatamodeld */,
			);
			name = Models;
			sourceTree = "<group>";
		};
		B462BA9E0F291B82004D04D8 /* Notifications */ = {
			isa = PBXGroup;
			children = (
				B462BA9F0F291B9C004D04D8 /* CeresNotification.h */,
				B462BAA00F291B9C004D04D8 /* CeresNotification.m */,
				B462C36A0F2E4B1B004D04D8 /* CharacterNotification.h */,
				B462C36B0F2E4B1B004D04D8 /* CharacterNotification.m */,
				B408FBF70F5DECA5004CF368 /* CeresNotificationCenter.h */,
				B408FBF80F5DECA5004CF368 /* CeresNotificationCenter.m */,
			);
			name = Notifications;
			sourceTree = "<group>";
		};
		B462BAF50F29221B004D04D8 /* Updater */ = {
			isa = PBXGroup;
			children = (
				B462BAF60F292236004D04D8 /* Updater.h */,
				B462BAF70F292236004D04D8 /* Updater.m */,
			);
			name = Updater;
			sourceTree = "<group>";
		};
		B4668C090F0585CD002E13B4 /* Groupings */ = {
			isa = PBXGroup;
			children = (
				B4668C0A0F0585E4002E13B4 /* MarketGroup.h */,
				B4668C0B0F0585E4002E13B4 /* MarketGroup.m */,
				B4668C0F0F0588FF002E13B4 /* Group.h */,
				B4668C100F0588FF002E13B4 /* Group.m */,
				B4668C180F0589FD002E13B4 /* Category.h */,
				B4668C190F0589FD002E13B4 /* Category.m */,
			);
			name = Groupings;
			sourceTree = "<group>";
		};
		B4A5387A0F1FE67600B404E6 /* Cells */ = {
			isa = PBXGroup;
			children = (
				B4154D910F5181E8005B5D48 /* Character List */,
				B4154D6A0F51801C005B5D48 /* Skill List */,
				B496BF940F33C94E00E92DB4 /* TableCell.h */,
				B496BF950F33C94E00E92DB4 /* TableCell.m */,
			);
			name = Cells;
			sourceTree = "<group>";
		};
		B4A539E90F20AD3D00B404E6 /* Elements */ = {
			isa = PBXGroup;
			children = (
				B415502A0F535FF2005B5D48 /* Window */,
				B4154E040F527ACA005B5D48 /* Menu Items */,
				B41544960F49F13A005B5D48 /* Controllers */,
				B4A5387A0F1FE67600B404E6 /* Cells */,
			);
			name = Elements;
			sourceTree = "<group>";
		};
		B4BC10370F12CABA00179BAD /* Base Objects */ = {
			isa = PBXGroup;
			children = (
				B424F4D80EEC89E900B5E7C5 /* EveObject.h */,
				B424F4D90EEC89E900B5E7C5 /* EveObject.m */,
				B40C26D90F114DFD006D76F0 /* CeresObject.h */,
				B40C26DA0F114DFD006D76F0 /* CeresObject.m */,
				B4668D400F06A71C002E13B4 /* Xml.h */,
				B4668D410F06A71C002E13B4 /* Xml.m */,
			);
			name = "Base Objects";
			sourceTree = "<group>";
		};
		B4BC10380F12CBA000179BAD /* Loader */ = {
			isa = PBXGroup;
			children = (
				B4BC10770F12D8FA00179BAD /* Loader.h */,
				B4BC10780F12D8FA00179BAD /* Loader.m */,
			);
			name = Loader;
			sourceTree = "<group>";
		};
		B4E9AD950F3C8363007A175C /* Additions */ = {
			isa = PBXGroup;
			children = (
				B40319090F41D1F200A99577 /* Geometry */,
				B4FF57B70F3DEC1A00F67A6C /* CeresSpecific */,
				B4E9AE770F3CAAB3007A175C /* NSNumber */,
				B4E9AE350F3C8E1A007A175C /* XML */,
				B4E9ADA70F3C8782007A175C /* NSBundle */,
				B4E9ADA20F3C85F1007A175C /* NSArray */,
				B4E9ADAF0F3C8983007A175C /* CeresAdditions.h */,
			);
			name = Additions;
			sourceTree = "<group>";
		};
		B4E9ADA20F3C85F1007A175C /* NSArray */ = {
			isa = PBXGroup;
			children = (
				B4E9ADA30F3C8605007A175C /* NSArray.h */,
				B4E9ADA40F3C8605007A175C /* NSArray.m */,
			);
			name = NSArray;
			sourceTree = "<group>";
		};
		B4E9ADA70F3C8782007A175C /* NSBundle */ = {
			isa = PBXGroup;
			children = (
				B4E9ADA80F3C8792007A175C /* NSBundle.h */,
				B4E9ADA90F3C8792007A175C /* NSBundle.m */,
			);
			name = NSBundle;
			sourceTree = "<group>";
		};
		B4E9AE160F3C8D73007A175C /* NSXMLDocument */ = {
			isa = PBXGroup;
			children = (
				B4E9AE170F3C8D8E007A175C /* NSXMLDocument.h */,
				B4E9AE180F3C8D8E007A175C /* NSXMLDocument.m */,
			);
			name = NSXMLDocument;
			sourceTree = "<group>";
		};
		B4E9AE350F3C8E1A007A175C /* XML */ = {
			isa = PBXGroup;
			children = (
				B4E9AE360F3C8E27007A175C /* NSXMLNode */,
				B4E9AE160F3C8D73007A175C /* NSXMLDocument */,
			);
			name = XML;
			sourceTree = "<group>";
		};
		B4E9AE360F3C8E27007A175C /* NSXMLNode */ = {
			isa = PBXGroup;
			children = (
				B4E9AE370F3C8E34007A175C /* NSXMLNode.h */,
				B4E9AE380F3C8E34007A175C /* NSXMLNode.m */,
			);
			name = NSXMLNode;
			sourceTree = "<group>";
		};
		B4E9AE770F3CAAB3007A175C /* NSNumber */ = {
			isa = PBXGroup;
			children = (
				B4E9AE780F3CAAC0007A175C /* NSNumber.h */,
				B4E9AE790F3CAAC0007A175C /* NSNumber.m */,
			);
			name = NSNumber;
			sourceTree = "<group>";
		};
		B4F0E5F80F2247D500412957 /* Ceres */ = {
			isa = PBXGroup;
			children = (
				B4F0E6590F22865900412957 /* CharacterController.h */,
				B4F0E65A0F22865900412957 /* CharacterController.m */,
				B40581760F19BAFF009EEDD8 /* ServerStatusController.h */,
				B40581770F19BAFF009EEDD8 /* ServerStatusController.m */,
				B4A53A700F20B8E000B404E6 /* CharacterListController.h */,
				B4A53A710F20B8E000B404E6 /* CharacterListController.m */,
			);
			name = Ceres;
			sourceTree = "<group>";
		};
		B4F0E5F90F2247E200412957 /* Loading */ = {
			isa = PBXGroup;
			children = (
				B402188B0F183BCB0068D818 /* LoadingController.h */,
				B402188C0F183BCB0068D818 /* LoadingController.m */,
			);
			name = Loading;
			sourceTree = "<group>";
		};
		B4F0E6580F22863C00412957 /* Character */ = {
			isa = PBXGroup;
			children = (
				B41551670F5571F5005B5D48 /* TabbedCharacterController.h */,
				B41551680F5571F5005B5D48 /* TabbedCharacterController.m */,
				B496C10C0F348E3000E92DB4 /* SkillListController.h */,
				B496C10D0F348E3000E92DB4 /* SkillListController.m */,
				B415520F0F55AAB6005B5D48 /* CharacterViewController.h */,
				B41552100F55AAB7005B5D48 /* CharacterViewController.m */,
			);
			name = Character;
			sourceTree = "<group>";
		};
		B4FF57B20F3DEB2500F67A6C /* NSThread */ = {
			isa = PBXGroup;
			children = (
				B4FF57B30F3DEB3B00F67A6C /* NSThread.h */,
				B4FF57B40F3DEB3B00F67A6C /* NSThread.m */,
			);
			name = NSThread;
			sourceTree = "<group>";
		};
		B4FF57B70F3DEC1A00F67A6C /* CeresSpecific */ = {
			isa = PBXGroup;
			children = (
				B41545D60F4A0C1B005B5D48 /* Formatting */,
				B4FF57B20F3DEB2500F67A6C /* NSThread */,
			);
			name = CeresSpecific;
			sourceTree = "<group>";
		};
/* End PBXGroup section */

/* Begin PBXHeadersBuildPhase section */
		8DC2EF500486A6940098B216 /* Headers */ = {
			isa = PBXHeadersBuildPhase;
			buildActionMask = 2147483647;
			files = (
				B424F4DA0EEC89E900B5E7C5 /* EveObject.h in Headers */,
				B424F4F50EEC8D2900B5E7C5 /* CorporationInfo.h in Headers */,
				B424F4FD0EEC8DA000B5E7C5 /* CharacterInfo.h in Headers */,
				B424F5020EEC8E4F00B5E7C5 /* Attributes.h in Headers */,
				B424F56E0EEC979B00B5E7C5 /* Account.h in Headers */,
				B424F5720EEC984100B5E7C5 /* Clone.h in Headers */,
				B424F5760EEC98A800B5E7C5 /* Implant.h in Headers */,
				B424F57A0EEC990100B5E7C5 /* Character.h in Headers */,
				B424F6300EED3D2C00B5E7C5 /* Api.h in Headers */,
				B40C1D410EF1205D0050F22B /* Ceres.h in Headers */,
				B49C056D0EF337E30044268E /* CeresHeader.h in Headers */,
				B49C080B0EF3F4610044268E /* Data.h in Headers */,
				B4050EDF0EF5143900584535 /* ServerStatus.h in Headers */,
				B40510510EF6C60F00584535 /* ItemType.h in Headers */,
				B405110D0EF96E7F00584535 /* Skill.h in Headers */,
				B4668C0C0F0585E4002E13B4 /* MarketGroup.h in Headers */,
				B4668C110F0588FF002E13B4 /* Group.h in Headers */,
				B4668C1A0F0589FD002E13B4 /* Category.h in Headers */,
				B4668D420F06A71C002E13B4 /* Xml.h in Headers */,
				B40C26DB0F114DFD006D76F0 /* CeresObject.h in Headers */,
				B4BC10790F12D8FA00179BAD /* Loader.h in Headers */,
				B462BAA10F291B9C004D04D8 /* CeresNotification.h in Headers */,
				B462BAF80F292236004D04D8 /* Updater.h in Headers */,
				B462C36C0F2E4B1B004D04D8 /* CharacterNotification.h in Headers */,
				B415CDE50F2F5EE80058F57D /* TrainedSkill.h in Headers */,
				B4C0E8070F39C43600A96DD6 /* ImplantSet.h in Headers */,
				B4E9ADA50F3C8605007A175C /* NSArray.h in Headers */,
				B4E9ADAA0F3C8792007A175C /* NSBundle.h in Headers */,
				B4E9ADB00F3C8983007A175C /* CeresAdditions.h in Headers */,
				B4E9AE190F3C8D8E007A175C /* NSXMLDocument.h in Headers */,
				B4E9AE390F3C8E34007A175C /* NSXMLNode.h in Headers */,
				B4E9AE7A0F3CAAC0007A175C /* NSNumber.h in Headers */,
				B4FF57B50F3DEB3B00F67A6C /* NSThread.h in Headers */,
				B403190C0F41D20400A99577 /* NSRect.h in Headers */,
				B40319EE0F4251C200A99577 /* NSImage.h in Headers */,
				B408F8D30F5DA628004CF368 /* CharacterFuture.h in Headers */,
				B408FBF90F5DECA5004CF368 /* CeresNotificationCenter.h in Headers */,
			);
			runOnlyForDeploymentPostprocessing = 0;
		};
/* End PBXHeadersBuildPhase section */

/* Begin PBXNativeTarget section */
		8DC2EF4F0486A6940098B216 /* Ceres (Framework) */ = {
			isa = PBXNativeTarget;
			buildConfigurationList = 1DEB91AD08733DA50010E9CD /* Build configuration list for PBXNativeTarget "Ceres (Framework)" */;
			buildPhases = (
				8DC2EF500486A6940098B216 /* Headers */,
				8DC2EF520486A6940098B216 /* Resources */,
				8DC2EF540486A6940098B216 /* Sources */,
				8DC2EF560486A6940098B216 /* Frameworks */,
				B408F6520F5D587F004CF368 /* Copy Bundle Frameworks */,
			);
			buildRules = (
			);
			dependencies = (
			);
			name = "Ceres (Framework)";
			productInstallPath = "$(HOME)/Library/Frameworks";
			productName = Ceres;
			productReference = 8DC2EF5B0486A6940098B216 /* Ceres.framework */;
			productType = "com.apple.product-type.framework";
		};
		B408FDB70F5EBCE5004CF368 /* GenerateDatabase */ = {
			isa = PBXNativeTarget;
			buildConfigurationList = B408FDBC0F5EBD04004CF368 /* Build configuration list for PBXNativeTarget "GenerateDatabase" */;
			buildPhases = (
				B408FDB50F5EBCE5004CF368 /* Sources */,
				B408FDB60F5EBCE5004CF368 /* Frameworks */,
			);
			buildRules = (
			);
			dependencies = (
				B408FE000F5EC461004CF368 /* PBXTargetDependency */,
				B408FE030F5EC466004CF368 /* PBXTargetDependency */,
			);
			name = GenerateDatabase;
			productName = GenerateDatabase;
			productReference = B408FDB80F5EBCE5004CF368 /* GenerateDatabase */;
			productType = "com.apple.product-type.tool";
		};
		B40C1EEC0EF1C1CB0050F22B /* Ceres */ = {
			isa = PBXNativeTarget;
			buildConfigurationList = B40C1EF20EF1C1CC0050F22B /* Build configuration list for PBXNativeTarget "Ceres" */;
			buildPhases = (
				B4668BD30F0058A0002E13B4 /* Copy Bundle Frameworks */,
				B40C1EE90EF1C1CB0050F22B /* Resources */,
				B40C1EEA0EF1C1CB0050F22B /* Sources */,
				B40C1EEB0EF1C1CB0050F22B /* Frameworks */,
			);
			buildRules = (
			);
			dependencies = (
				B408F7F40F5D5B21004CF368 /* PBXTargetDependency */,
				B40C1F4D0EF1C8230050F22B /* PBXTargetDependency */,
			);
			name = Ceres;
			productName = "Ceres (Application)";
			productReference = B40C1EED0EF1C1CB0050F22B /* Ceres.app */;
			productType = "com.apple.product-type.application";
		};
		B424F67F0EED44C800B5E7C5 /* Test */ = {
			isa = PBXNativeTarget;
			buildConfigurationList = B424F6860EED44ED00B5E7C5 /* Build configuration list for PBXNativeTarget "Test" */;
			buildPhases = (
				B424F67D0EED44C800B5E7C5 /* Sources */,
				B424F67E0EED44C800B5E7C5 /* Frameworks */,
			);
			buildRules = (
			);
			dependencies = (
				B424F6D00EED495F00B5E7C5 /* PBXTargetDependency */,
			);
			name = Test;
			productName = Test;
			productReference = B424F6800EED44C800B5E7C5 /* Test */;
			productType = "com.apple.product-type.tool";
		};
/* End PBXNativeTarget section */

/* Begin PBXProject section */
		0867D690FE84028FC02AAC07 /* Project object */ = {
			isa = PBXProject;
			buildConfigurationList = 1DEB91B108733DA50010E9CD /* Build configuration list for PBXProject "Ceres" */;
			compatibilityVersion = "Xcode 3.0";
			hasScannedForEncodings = 1;
			mainGroup = 0867D691FE84028FC02AAC07 /* Ceres */;
			productRefGroup = 034768DFFF38A50411DB9C8B /* Products */;
			projectDirPath = "";
			projectReferences = (
				{
					ProductGroup = B408F5B00F5D57A7004CF368 /* Products */;
					ProjectRef = B408F5AF0F5D57A7004CF368 /* CeresIO.xcodeproj */;
				},
			);
			projectRoot = "";
			targets = (
				8DC2EF4F0486A6940098B216 /* Ceres (Framework) */,
				B424F67F0EED44C800B5E7C5 /* Test */,
				B40C1EEC0EF1C1CB0050F22B /* Ceres */,
				B408FDB70F5EBCE5004CF368 /* GenerateDatabase */,
				B408F7ED0F5D5AF9004CF368 /* External Frameworks */,
			);
		};
/* End PBXProject section */

/* Begin PBXReferenceProxy section */
		B408F5B80F5D57A7004CF368 /* Test */ = {
			isa = PBXReferenceProxy;
			fileType = "compiled.mach-o.executable";
			path = Test;
			remoteRef = B408F5B70F5D57A7004CF368 /* PBXContainerItemProxy */;
			sourceTree = BUILT_PRODUCTS_DIR;
		};
		B408F5BA0F5D57A7004CF368 /* CeresIO.framework */ = {
			isa = PBXReferenceProxy;
			fileType = wrapper.framework;
			path = CeresIO.framework;
			remoteRef = B408F5B90F5D57A7004CF368 /* PBXContainerItemProxy */;
			sourceTree = BUILT_PRODUCTS_DIR;
		};
/* End PBXReferenceProxy section */

/* Begin PBXResourcesBuildPhase section */
		8DC2EF520486A6940098B216 /* Resources */ = {
			isa = PBXResourcesBuildPhase;
			buildActionMask = 2147483647;
			files = (
				8DC2EF530486A6940098B216 /* InfoPlist.strings in Resources */,
				B462C1800F2D3140004D04D8 /* License in Resources */,
			);
			runOnlyForDeploymentPostprocessing = 0;
		};
		B40C1EE90EF1C1CB0050F22B /* Resources */ = {
			isa = PBXResourcesBuildPhase;
			buildActionMask = 2147483647;
			files = (
				B408FE500F5ECAE6004CF368 /* Ceres.sqlite3 in Resources */,
				B40581440F19AFBA009EEDD8 /* Loading.xib in Resources */,
				B4A53A690F20B5B600B404E6 /* Ceres.xib in Resources */,
				B4F0E6220F22806E00412957 /* Character.xib in Resources */,
				B462C1810F2D3140004D04D8 /* License in Resources */,
				B496BF5A0F33BA2B00E92DB4 /* dsa_pub.pem in Resources */,
				B4031CB30F45E6C500A99577 /* Menu.xib in Resources */,
				B41544D00F49F6CE005B5D48 /* CharacterPreferences.xib in Resources */,
				B415458F0F4A08D6005B5D48 /* UserDefaults.plist in Resources */,
				B415498E0F4B7C98005B5D48 /* StatusIcon.tiff in Resources */,
				B415498F0F4B7C98005B5D48 /* StatusIconAlternate.tiff in Resources */,
				B415531B0F55FBAD005B5D48 /* About.xib in Resources */,
			);
			runOnlyForDeploymentPostprocessing = 0;
		};
/* End PBXResourcesBuildPhase section */

/* Begin PBXSourcesBuildPhase section */
		8DC2EF540486A6940098B216 /* Sources */ = {
			isa = PBXSourcesBuildPhase;
			buildActionMask = 2147483647;
			files = (
				B4C0E31E0F38685E00A96DD6 /* Ceres.xcdatamodeld in Sources */,
				B424F4DB0EEC89E900B5E7C5 /* EveObject.m in Sources */,
				B424F4F60EEC8D2900B5E7C5 /* CorporationInfo.m in Sources */,
				B424F4FE0EEC8DA000B5E7C5 /* CharacterInfo.m in Sources */,
				B424F5030EEC8E4F00B5E7C5 /* Attributes.m in Sources */,
				B424F56F0EEC979B00B5E7C5 /* Account.m in Sources */,
				B424F5730EEC984100B5E7C5 /* Clone.m in Sources */,
				B424F5770EEC98A800B5E7C5 /* Implant.m in Sources */,
				B424F57B0EEC990100B5E7C5 /* Character.m in Sources */,
				B424F6310EED3D2C00B5E7C5 /* Api.m in Sources */,
				B40C1D420EF1205D0050F22B /* Ceres.m in Sources */,
				B49C080C0EF3F4610044268E /* Data.m in Sources */,
				B4050EE00EF5143900584535 /* ServerStatus.m in Sources */,
				B40510520EF6C60F00584535 /* ItemType.m in Sources */,
				B405110E0EF96E7F00584535 /* Skill.m in Sources */,
				B4668C0D0F0585E4002E13B4 /* MarketGroup.m in Sources */,
				B4668C120F0588FF002E13B4 /* Group.m in Sources */,
				B4668C1B0F0589FD002E13B4 /* Category.m in Sources */,
				B4668D430F06A71C002E13B4 /* Xml.m in Sources */,
				B40C26DC0F114DFD006D76F0 /* CeresObject.m in Sources */,
				B4BC107A0F12D8FA00179BAD /* Loader.m in Sources */,
				B462BAA20F291B9C004D04D8 /* CeresNotification.m in Sources */,
				B462BAF90F292236004D04D8 /* Updater.m in Sources */,
				B462C36D0F2E4B1B004D04D8 /* CharacterNotification.m in Sources */,
				B415CDE60F2F5EE80058F57D /* TrainedSkill.m in Sources */,
				B4C0E8080F39C43600A96DD6 /* ImplantSet.m in Sources */,
				B4E9ADA60F3C8605007A175C /* NSArray.m in Sources */,
				B4E9ADAB0F3C8792007A175C /* NSBundle.m in Sources */,
				B4E9AE1A0F3C8D8E007A175C /* NSXMLDocument.m in Sources */,
				B4E9AE3A0F3C8E34007A175C /* NSXMLNode.m in Sources */,
				B4E9AE7B0F3CAAC0007A175C /* NSNumber.m in Sources */,
				B4FF57B60F3DEB3B00F67A6C /* NSThread.m in Sources */,
				B40319EF0F4251C200A99577 /* NSImage.m in Sources */,
				B408F8D40F5DA628004CF368 /* CharacterFuture.m in Sources */,
				B408FBFA0F5DECA5004CF368 /* CeresNotificationCenter.m in Sources */,
			);
			runOnlyForDeploymentPostprocessing = 0;
		};
		B408FDB50F5EBCE5004CF368 /* Sources */ = {
			isa = PBXSourcesBuildPhase;
			buildActionMask = 2147483647;
			files = (
				B408FE0D0F5EC542004CF368 /* Ceres.xcdatamodeld in Sources */,
				B408FDBF0F5EBE13004CF368 /* GenerateDatabaseMain.m in Sources */,
			);
			runOnlyForDeploymentPostprocessing = 0;
		};
		B40C1EEA0EF1C1CB0050F22B /* Sources */ = {
			isa = PBXSourcesBuildPhase;
			buildActionMask = 2147483647;
			files = (
				B4C0E7010F38F4D600A96DD6 /* Ceres.xcdatamodeld in Sources */,
				B40C1EF70EF1C2050050F22B /* CeresMain.m in Sources */,
				B402188D0F183BCB0068D818 /* LoadingController.m in Sources */,
				B40581170F19AE55009EEDD8 /* Interface.m in Sources */,
				B40581780F19BAFF009EEDD8 /* ServerStatusController.m in Sources */,
				B4A539430F1FEB9100B404E6 /* CharacterCell.m in Sources */,
				B4A53A720F20B8E000B404E6 /* CharacterListController.m in Sources */,
				B4F0E65B0F22865900412957 /* CharacterController.m in Sources */,
				B496BF960F33C94E00E92DB4 /* TableCell.m in Sources */,
				B496C10E0F348E3000E92DB4 /* SkillListController.m in Sources */,
				B496C1A30F34A76900E92DB4 /* SkillCell.m in Sources */,
				B41544920F49D269005B5D48 /* PreferencesController.m in Sources */,
				B415449A0F49F17E005B5D48 /* CeresPreferencesController.m in Sources */,
				B41544D40F49F715005B5D48 /* CharacterPreferencesController.m in Sources */,
				B41545D90F4A0C28005B5D48 /* NSNumberFormatting.m in Sources */,
				B415462F0F4A1106005B5D48 /* NSDateFormatting.m in Sources */,
				B415470D0F4B4CB1005B5D48 /* StatusItem.m in Sources */,
				B4154C730F4F757B005B5D48 /* CharacterMenuItem.m in Sources */,
				B4154D690F518015005B5D48 /* GroupCell.m in Sources */,
				B4154E070F527AE0005B5D48 /* CacheMenuItem.m in Sources */,
				B4154EC60F52AF79005B5D48 /* CeresArrayController.m in Sources */,
				B415502D0F536019005B5D48 /* StickyWindow.m in Sources */,
				B41551220F556E6F005B5D48 /* ModularController.m in Sources */,
				B41551690F5571F5005B5D48 /* TabbedCharacterController.m in Sources */,
				B41552110F55AAB7005B5D48 /* CharacterViewController.m in Sources */,
				B41553260F55FEDE005B5D48 /* AboutController.m in Sources */,
			);
			runOnlyForDeploymentPostprocessing = 0;
		};
		B424F67D0EED44C800B5E7C5 /* Sources */ = {
			isa = PBXSourcesBuildPhase;
			buildActionMask = 2147483647;
			files = (
				B424F6F80EED4C2D00B5E7C5 /* TestMain.m in Sources */,
			);
			runOnlyForDeploymentPostprocessing = 0;
		};
/* End PBXSourcesBuildPhase section */

/* Begin PBXTargetDependency section */
		B408F7F20F5D5B1B004CF368 /* PBXTargetDependency */ = {
			isa = PBXTargetDependency;
			name = CeresIO;
			targetProxy = B408F7F10F5D5B1B004CF368 /* PBXContainerItemProxy */;
		};
		B408F7F40F5D5B21004CF368 /* PBXTargetDependency */ = {
			isa = PBXTargetDependency;
			target = B408F7ED0F5D5AF9004CF368 /* External Frameworks */;
			targetProxy = B408F7F30F5D5B21004CF368 /* PBXContainerItemProxy */;
		};
		B408FE000F5EC461004CF368 /* PBXTargetDependency */ = {
			isa = PBXTargetDependency;
			target = B408F7ED0F5D5AF9004CF368 /* External Frameworks */;
			targetProxy = B408FDFF0F5EC461004CF368 /* PBXContainerItemProxy */;
		};
		B408FE030F5EC466004CF368 /* PBXTargetDependency */ = {
			isa = PBXTargetDependency;
			target = 8DC2EF4F0486A6940098B216 /* Ceres (Framework) */;
			targetProxy = B408FE020F5EC466004CF368 /* PBXContainerItemProxy */;
		};
		B40C1F4D0EF1C8230050F22B /* PBXTargetDependency */ = {
			isa = PBXTargetDependency;
			target = 8DC2EF4F0486A6940098B216 /* Ceres (Framework) */;
			targetProxy = B40C1F4C0EF1C8230050F22B /* PBXContainerItemProxy */;
		};
		B424F6D00EED495F00B5E7C5 /* PBXTargetDependency */ = {
			isa = PBXTargetDependency;
			target = 8DC2EF4F0486A6940098B216 /* Ceres (Framework) */;
			targetProxy = B424F6CF0EED495F00B5E7C5 /* PBXContainerItemProxy */;
		};
/* End PBXTargetDependency section */

/* Begin PBXVariantGroup section */
		089C1666FE841158C02AAC07 /* InfoPlist.strings */ = {
			isa = PBXVariantGroup;
			children = (
				089C1667FE841158C02AAC07 /* English */,
			);
			name = InfoPlist.strings;
			sourceTree = "<group>";
		};
/* End PBXVariantGroup section */

/* Begin XCBuildConfiguration section */
		1DEB91AE08733DA50010E9CD /* Debug */ = {
			isa = XCBuildConfiguration;
			buildSettings = {
				COPY_PHASE_STRIP = NO;
				DYLIB_COMPATIBILITY_VERSION = 1;
				DYLIB_CURRENT_VERSION = 1;
				FRAMEWORK_SEARCH_PATHS = (
					"$(inherited)",
					"\"$(SRCROOT)/Frameworks\"",
				);
				FRAMEWORK_VERSION = A;
				GCC_DYNAMIC_NO_PIC = NO;
				GCC_ENABLE_FIX_AND_CONTINUE = YES;
				GCC_MODEL_TUNING = G5;
				GCC_OPTIMIZATION_LEVEL = 0;
				GCC_PRECOMPILE_PREFIX_HEADER = YES;
				GCC_PREFIX_HEADER = Ceres_Prefix.pch;
				INFOPLIST_FILE = Info.plist;
				INSTALL_PATH = "@executable_path/../Frameworks";
				PRODUCT_NAME = Ceres;
				WRAPPER_EXTENSION = framework;
				ZERO_LINK = YES;
			};
			name = Debug;
		};
		1DEB91AF08733DA50010E9CD /* Release */ = {
			isa = XCBuildConfiguration;
			buildSettings = {
				DEBUG_INFORMATION_FORMAT = "dwarf-with-dsym";
				DYLIB_COMPATIBILITY_VERSION = 1;
				DYLIB_CURRENT_VERSION = 1;
				FRAMEWORK_SEARCH_PATHS = (
					"$(inherited)",
					"\"$(SRCROOT)/Frameworks\"",
				);
				FRAMEWORK_VERSION = A;
				GCC_MODEL_TUNING = G5;
				GCC_PRECOMPILE_PREFIX_HEADER = YES;
				GCC_PREFIX_HEADER = Ceres_Prefix.pch;
				GCC_TREAT_WARNINGS_AS_ERRORS = YES;
				INFOPLIST_FILE = Info.plist;
				INSTALL_PATH = "@executable_path/../Frameworks";
				PRODUCT_NAME = Ceres;
				VERSIONING_SYSTEM = "";
				WRAPPER_EXTENSION = framework;
			};
			name = Release;
		};
		1DEB91B208733DA50010E9CD /* Debug */ = {
			isa = XCBuildConfiguration;
			buildSettings = {
				ARCHS = "$(ARCHS_STANDARD_32_64_BIT_PRE_XCODE_3_1)";
				ARCHS_STANDARD_32_64_BIT_PRE_XCODE_3_1 = "ppc i386 ppc64 x86_64";
				GCC_C_LANGUAGE_STANDARD = gnu99;
				GCC_ENABLE_OBJC_GC = required;
				GCC_PREPROCESSOR_DEFINITIONS = NS_BUILD_32_LIKE_64;
				GCC_TREAT_IMPLICIT_FUNCTION_DECLARATIONS_AS_ERRORS = YES;
				GCC_TREAT_WARNINGS_AS_ERRORS = YES;
				GCC_WARN_ABOUT_MISSING_NEWLINE = YES;
				GCC_WARN_ABOUT_MISSING_PROTOTYPES = YES;
				GCC_WARN_ABOUT_RETURN_TYPE = YES;
				GCC_WARN_TYPECHECK_CALLS_TO_PRINTF = YES;
			};
			name = Debug;
		};
		1DEB91B308733DA50010E9CD /* Release */ = {
			isa = XCBuildConfiguration;
			buildSettings = {
				ARCHS = "$(ARCHS_STANDARD_32_64_BIT_PRE_XCODE_3_1)";
				ARCHS_STANDARD_32_64_BIT_PRE_XCODE_3_1 = "ppc i386 ppc64 x86_64";
				GCC_C_LANGUAGE_STANDARD = gnu99;
				GCC_ENABLE_OBJC_GC = required;
				GCC_PREPROCESSOR_DEFINITIONS = NS_BUILD_32_LIKE_64;
				GCC_TREAT_IMPLICIT_FUNCTION_DECLARATIONS_AS_ERRORS = YES;
				GCC_TREAT_WARNINGS_AS_ERRORS = YES;
				GCC_WARN_ABOUT_MISSING_NEWLINE = YES;
				GCC_WARN_ABOUT_MISSING_PROTOTYPES = YES;
				GCC_WARN_ABOUT_RETURN_TYPE = YES;
				GCC_WARN_TYPECHECK_CALLS_TO_PRINTF = YES;
			};
			name = Release;
		};
		B408F7EE0F5D5AF9004CF368 /* Debug */ = {
			isa = XCBuildConfiguration;
			buildSettings = {
				COPY_PHASE_STRIP = NO;
				GCC_DYNAMIC_NO_PIC = NO;
				GCC_OPTIMIZATION_LEVEL = 0;
				PRODUCT_NAME = "External Frameworks";
			};
			name = Debug;
		};
		B408F7EF0F5D5AF9004CF368 /* Release */ = {
			isa = XCBuildConfiguration;
			buildSettings = {
				COPY_PHASE_STRIP = YES;
				DEBUG_INFORMATION_FORMAT = "dwarf-with-dsym";
				GCC_ENABLE_FIX_AND_CONTINUE = NO;
				PRODUCT_NAME = "External Frameworks";
				ZERO_LINK = NO;
			};
			name = Release;
		};
		B408FDBA0F5EBCE6004CF368 /* Debug */ = {
			isa = XCBuildConfiguration;
			buildSettings = {
				ALWAYS_SEARCH_USER_PATHS = NO;
				COPY_PHASE_STRIP = NO;
				GCC_DYNAMIC_NO_PIC = NO;
				GCC_ENABLE_FIX_AND_CONTINUE = YES;
				GCC_MODEL_TUNING = G5;
				GCC_OPTIMIZATION_LEVEL = 0;
				GCC_PRECOMPILE_PREFIX_HEADER = YES;
				GCC_PREFIX_HEADER = "$(SYSTEM_LIBRARY_DIR)/Frameworks/AppKit.framework/Headers/AppKit.h";
				INSTALL_PATH = /usr/local/bin;
				OTHER_LDFLAGS = (
					"-framework",
					Foundation,
					"-framework",
					AppKit,
				);
				PREBINDING = NO;
				PRODUCT_NAME = GenerateDatabase;
			};
			name = Debug;
		};
		B408FDBB0F5EBCE6004CF368 /* Release */ = {
			isa = XCBuildConfiguration;
			buildSettings = {
				ALWAYS_SEARCH_USER_PATHS = NO;
				COPY_PHASE_STRIP = YES;
				DEBUG_INFORMATION_FORMAT = "dwarf-with-dsym";
				GCC_ENABLE_FIX_AND_CONTINUE = NO;
				GCC_MODEL_TUNING = G5;
				GCC_PRECOMPILE_PREFIX_HEADER = YES;
				GCC_PREFIX_HEADER = "$(SYSTEM_LIBRARY_DIR)/Frameworks/AppKit.framework/Headers/AppKit.h";
				INSTALL_PATH = /usr/local/bin;
				OTHER_LDFLAGS = (
					"-framework",
					Foundation,
					"-framework",
					AppKit,
				);
				PREBINDING = NO;
				PRODUCT_NAME = GenerateDatabase;
				ZERO_LINK = NO;
			};
			name = Release;
		};
		B40C1EF00EF1C1CC0050F22B /* Debug */ = {
			isa = XCBuildConfiguration;
			buildSettings = {
				ARCHS = "$(NATIVE_ARCH_32_BIT)";
				DEBUG_INFORMATION_FORMAT = "dwarf-with-dsym";
				FRAMEWORK_SEARCH_PATHS = (
					"$(inherited)",
					"\"$(SRCROOT)/Frameworks\"",
				);
				GCC_DYNAMIC_NO_PIC = NO;
				GCC_ENABLE_FIX_AND_CONTINUE = YES;
				GCC_PRECOMPILE_PREFIX_HEADER = YES;
				INFOPLIST_FILE = "Ceres-Info.plist";
				INSTALL_PATH = "$(HOME)/Applications";
				OTHER_LDFLAGS = (
					"-framework",
					Foundation,
					"-framework",
					AppKit,
				);
				PREBINDING = NO;
				PRODUCT_NAME = Ceres;
				WRAPPER_EXTENSION = app;
				ZERO_LINK = YES;
			};
			name = Debug;
		};
		B40C1EF10EF1C1CC0050F22B /* Release */ = {
			isa = XCBuildConfiguration;
			buildSettings = {
				ARCHS = "$(NATIVE_ARCH_32_BIT)";
				DEBUG_INFORMATION_FORMAT = "dwarf-with-dsym";
				FRAMEWORK_SEARCH_PATHS = (
					"$(inherited)",
					"\"$(SRCROOT)/Frameworks\"",
				);
				GCC_ENABLE_FIX_AND_CONTINUE = NO;
				GCC_PRECOMPILE_PREFIX_HEADER = YES;
				INFOPLIST_FILE = "Ceres-Info.plist";
				INSTALL_PATH = "$(HOME)/Applications";
				OTHER_LDFLAGS = (
					"-framework",
					Foundation,
					"-framework",
					AppKit,
				);
				PREBINDING = NO;
				PRODUCT_NAME = Ceres;
				WRAPPER_EXTENSION = app;
				ZERO_LINK = NO;
			};
			name = Release;
		};
		B424F6820EED44C900B5E7C5 /* Debug */ = {
			isa = XCBuildConfiguration;
			buildSettings = {
				COPY_PHASE_STRIP = NO;
				GCC_DYNAMIC_NO_PIC = NO;
				GCC_ENABLE_FIX_AND_CONTINUE = YES;
				GCC_MODEL_TUNING = G5;
				GCC_OPTIMIZATION_LEVEL = 0;
				GCC_PRECOMPILE_PREFIX_HEADER = YES;
				GCC_PREFIX_HEADER = "$(SYSTEM_LIBRARY_DIR)/Frameworks/AppKit.framework/Headers/AppKit.h";
				INSTALL_PATH = /usr/local/bin;
				OTHER_LDFLAGS = (
					"-framework",
					Foundation,
					"-framework",
					AppKit,
				);
				PREBINDING = NO;
				PRODUCT_NAME = Test;
				ZERO_LINK = YES;
			};
			name = Debug;
		};
		B424F6830EED44C900B5E7C5 /* Release */ = {
			isa = XCBuildConfiguration;
			buildSettings = {
				COPY_PHASE_STRIP = YES;
				DEBUG_INFORMATION_FORMAT = "dwarf-with-dsym";
				GCC_ENABLE_FIX_AND_CONTINUE = NO;
				GCC_MODEL_TUNING = G5;
				GCC_PRECOMPILE_PREFIX_HEADER = YES;
				GCC_PREFIX_HEADER = "$(SYSTEM_LIBRARY_DIR)/Frameworks/AppKit.framework/Headers/AppKit.h";
				INSTALL_PATH = /usr/local/bin;
				OTHER_LDFLAGS = (
					"-framework",
					Foundation,
					"-framework",
					AppKit,
				);
				PREBINDING = NO;
				PRODUCT_NAME = Test;
				ZERO_LINK = NO;
			};
			name = Release;
		};
/* End XCBuildConfiguration section */

/* Begin XCConfigurationList section */
		1DEB91AD08733DA50010E9CD /* Build configuration list for PBXNativeTarget "Ceres (Framework)" */ = {
			isa = XCConfigurationList;
			buildConfigurations = (
				1DEB91AE08733DA50010E9CD /* Debug */,
				1DEB91AF08733DA50010E9CD /* Release */,
			);
			defaultConfigurationIsVisible = 0;
			defaultConfigurationName = Release;
		};
		1DEB91B108733DA50010E9CD /* Build configuration list for PBXProject "Ceres" */ = {
			isa = XCConfigurationList;
			buildConfigurations = (
				1DEB91B208733DA50010E9CD /* Debug */,
				1DEB91B308733DA50010E9CD /* Release */,
			);
			defaultConfigurationIsVisible = 0;
			defaultConfigurationName = Release;
		};
		B408F7F00F5D5B18004CF368 /* Build configuration list for PBXAggregateTarget "External Frameworks" */ = {
			isa = XCConfigurationList;
			buildConfigurations = (
				B408F7EE0F5D5AF9004CF368 /* Debug */,
				B408F7EF0F5D5AF9004CF368 /* Release */,
			);
			defaultConfigurationIsVisible = 0;
			defaultConfigurationName = Release;
		};
		B408FDBC0F5EBD04004CF368 /* Build configuration list for PBXNativeTarget "GenerateDatabase" */ = {
			isa = XCConfigurationList;
			buildConfigurations = (
				B408FDBA0F5EBCE6004CF368 /* Debug */,
				B408FDBB0F5EBCE6004CF368 /* Release */,
			);
			defaultConfigurationIsVisible = 0;
			defaultConfigurationName = Release;
		};
		B40C1EF20EF1C1CC0050F22B /* Build configuration list for PBXNativeTarget "Ceres" */ = {
			isa = XCConfigurationList;
			buildConfigurations = (
				B40C1EF00EF1C1CC0050F22B /* Debug */,
				B40C1EF10EF1C1CC0050F22B /* Release */,
			);
			defaultConfigurationIsVisible = 0;
			defaultConfigurationName = Release;
		};
		B424F6860EED44ED00B5E7C5 /* Build configuration list for PBXNativeTarget "Test" */ = {
			isa = XCConfigurationList;
			buildConfigurations = (
				B424F6820EED44C900B5E7C5 /* Debug */,
				B424F6830EED44C900B5E7C5 /* Release */,
			);
			defaultConfigurationIsVisible = 0;
			defaultConfigurationName = Release;
		};
/* End XCConfigurationList section */

/* Begin XCVersionGroup section */
		B4C0E31D0F38685E00A96DD6 /* Ceres.xcdatamodeld */ = {
			isa = XCVersionGroup;
			children = (
				B424FAE80EEF0CD700B5E7C5 /* Ceres 0.0.13.xcdatamodel */,
				B4C0E3200F38685E00A96DD6 /* Ceres 0.0.7.xcdatamodel */,
				B4FF58730F3E677E00F67A6C /* Ceres 0.0.8.xcdatamodel */,
				B4031D370F47194E00A99577 /* Ceres 0.0.10.xcdatamodel */,
				B4154E6A0F52A751005B5D48 /* Ceres 0.0.11.xcdatamodel */,
				B408F8360F5D603C004CF368 /* Ceres 0.0.12.xcdatamodel */,
			);
			currentVersion = B424FAE80EEF0CD700B5E7C5 /* Ceres 0.0.13.xcdatamodel */;
			path = Ceres.xcdatamodeld;
			sourceTree = "<group>";
			versionGroupType = wrapper.xcdatamodel;
		};
/* End XCVersionGroup section */
	};
	rootObject = 0867D690FE84028FC02AAC07 /* Project object */;
}
